
Microsoft Visual Studio Solution File, Format Version 12.00
# Visual Studio Version 17
VisualStudioVersion = 17.2.32630.192
MinimumVisualStudioVersion = 10.0.40219.1
Project("{9A19103F-16F7-4668-BE54-9A1E7A4F7556}") = "R5T.S0109", "R5T.S0109\R5T.S0109.csproj", "{D233F96D-E916-4737-A613-6D7E3F97EB64}"
EndProject
Project("{2150E333-8FDC-42A3-9474-1A3956D46DE8}") = "_Dependencies", "_Dependencies", "{72F50E85-39F3-4D75-858F-D15983364FC6}"
EndProject
Project("{9A19103F-16F7-4668-BE54-9A1E7A4F7556}") = "R5T.F0000", "..\..\R5T.F0000\source\R5T.F0000\R5T.F0000.csproj", "{C1F75B79-AB63-413D-96EE-052699A02684}"
EndProject
Project("{9A19103F-16F7-4668-BE54-9A1E7A4F7556}") = "R5T.F0002", "..\..\R5T.F0002\source\R5T.F0002\R5T.F0002.csproj", "{3859C228-82B5-4196-BA6C-976AE964C14C}"
EndProject
Project("{9A19103F-16F7-4668-BE54-9A1E7A4F7556}") = "R5T.F0020", "..\..\R5T.F0020\source\R5T.F0020\R5T.F0020.csproj", "{EC402C55-8E7E-4D12-95A2-2F3CF989A6F8}"
EndProject
Project("{9A19103F-16F7-4668-BE54-9A1E7A4F7556}") = "R5T.F0033.Platform", "..\..\R5T.F0033\source\R5T.F0033.Platform\R5T.F0033.Platform.csproj", "{E549913A-F046-45E9-B07F-BBB0F8A04B7B}"
EndProject
Project("{9A19103F-16F7-4668-BE54-9A1E7A4F7556}") = "R5T.F0033", "..\..\R5T.F0033\source\R5T.F0033\R5T.F0033.csproj", "{D1CA98F4-6F39-4B18-A89F-1AA3CE950CD9}"
EndProject
Project("{9A19103F-16F7-4668-BE54-9A1E7A4F7556}") = "R5T.F0034.Platform", "..\..\R5T.F0034\source\R5T.F0034.Platform\R5T.F0034.Platform.csproj", "{E404C0BB-EDB6-4BEF-A2EE-7D0849AC6EB5}"
EndProject
Project("{9A19103F-16F7-4668-BE54-9A1E7A4F7556}") = "R5T.F0034", "..\..\R5T.F0034\source\R5T.F0034\R5T.F0034.csproj", "{2F4C4EB9-F86A-43AE-8A49-BA46F13B11E0}"
EndProject
Project("{9A19103F-16F7-4668-BE54-9A1E7A4F7556}") = "R5T.F0035.F001", "..\..\R5T.F0035\source\R5T.F0035.F001\R5T.F0035.F001.csproj", "{DDB09BE7-CCDB-43D7-AEAB-1B712AA1090E}"
EndProject
Project("{9A19103F-16F7-4668-BE54-9A1E7A4F7556}") = "R5T.F0040.F000", "..\..\R5T.F0040\source\R5T.F0040.F000\R5T.F0040.F000.csproj", "{D7ABFEDA-072B-47DC-85C0-5E3A9320EACD}"
EndProject
Project("{9A19103F-16F7-4668-BE54-9A1E7A4F7556}") = "R5T.F0040", "..\..\R5T.F0040\source\R5T.F0040\R5T.F0040.csproj", "{26628FE5-DB93-4B38-8D84-1FD049B7BF09}"
EndProject
Project("{9A19103F-16F7-4668-BE54-9A1E7A4F7556}") = "R5T.F0059", "..\..\R5T.F0059\source\R5T.F0059\R5T.F0059.csproj", "{3C86CE41-CE9D-49CE-82B5-9D7A40E611EF}"
EndProject
Project("{9A19103F-16F7-4668-BE54-9A1E7A4F7556}") = "R5T.F0120", "..\..\R5T.F0120\source\R5T.F0120\R5T.F0120.csproj", "{0A349FF7-0C6A-418D-9DEA-65B1150BEB3E}"
EndProject
Project("{9A19103F-16F7-4668-BE54-9A1E7A4F7556}") = "R5T.F0124", "..\..\R5T.F0124\source\R5T.F0124\R5T.F0124.csproj", "{F496A09C-5F32-4170-8CD9-F1DF7311870D}"
EndProject
Project("{9A19103F-16F7-4668-BE54-9A1E7A4F7556}") = "R5T.F0125", "..\..\R5T.F0125\source\R5T.F0125\R5T.F0125.csproj", "{D296375D-399E-418A-B73A-F63C50A014E5}"
EndProject
Project("{9A19103F-16F7-4668-BE54-9A1E7A4F7556}") = "R5T.F0138", "..\..\R5T.F0138\source\R5T.F0138\R5T.F0138.csproj", "{985B39AE-C62C-4440-87E4-3774CFB7CFEF}"
EndProject
Project("{9A19103F-16F7-4668-BE54-9A1E7A4F7556}") = "R5T.F0139", "..\..\R5T.F0139\source\R5T.F0139\R5T.F0139.csproj", "{0C71DE14-AA4B-4B40-AB0C-9C64FB90463B}"
EndProject
Project("{9A19103F-16F7-4668-BE54-9A1E7A4F7556}") = "R5T.F0140", "..\..\R5T.F0140\source\R5T.F0140\R5T.F0140.csproj", "{C5B8315B-5B04-4E78-A630-4E5A5F26C737}"
EndProject
Project("{9A19103F-16F7-4668-BE54-9A1E7A4F7556}") = "R5T.L0030.T000", "..\..\R5T.L0030\source\R5T.L0030.T000\R5T.L0030.T000.csproj", "{839403C5-61E0-4EB8-A193-CB24BAFDFD92}"
EndProject
Project("{9A19103F-16F7-4668-BE54-9A1E7A4F7556}") = "R5T.L0030", "..\..\R5T.L0030\source\R5T.L0030\R5T.L0030.csproj", "{1C05F44D-F1B8-4D4B-BED1-80DFF1B1FA2D}"
EndProject
Project("{9A19103F-16F7-4668-BE54-9A1E7A4F7556}") = "R5T.L0032.T000", "..\..\R5T.L0032\source\R5T.L0032.T000\R5T.L0032.T000.csproj", "{FA5B9225-5603-4821-8B49-F6C343BE360B}"
EndProject
Project("{9A19103F-16F7-4668-BE54-9A1E7A4F7556}") = "R5T.L0034", "..\..\R5T.L0034\source\R5T.L0034\R5T.L0034.csproj", "{9885604F-C10B-48B6-862E-9589C52D375C}"
EndProject
Project("{9A19103F-16F7-4668-BE54-9A1E7A4F7556}") = "R5T.L0035", "..\..\R5T.L0035\source\R5T.L0035\R5T.L0035.csproj", "{9E96C935-3707-4E9F-8B1F-F235232A8D08}"
EndProject
Project("{9A19103F-16F7-4668-BE54-9A1E7A4F7556}") = "R5T.L0053", "..\..\R5T.L0053\source\R5T.L0053\R5T.L0053.csproj", "{B5FF042D-D532-47FC-A582-24006732D7EC}"
EndProject
Project("{9A19103F-16F7-4668-BE54-9A1E7A4F7556}") = "R5T.L0055", "..\..\R5T.L0055\source\R5T.L0055\R5T.L0055.csproj", "{6A343838-CF9A-40E2-AE7E-EBE6DC52EA13}"
EndProject
Project("{9A19103F-16F7-4668-BE54-9A1E7A4F7556}") = "R5T.L0056", "..\..\R5T.L0056\source\R5T.L0056\R5T.L0056.csproj", "{289D3D0B-61C3-4664-8156-E0EB2898D160}"
EndProject
Project("{9A19103F-16F7-4668-BE54-9A1E7A4F7556}") = "R5T.L0057", "..\..\R5T.L0057\source\R5T.L0057\R5T.L0057.csproj", "{EE4172BB-53E7-445C-8BE1-F2D5422DCB62}"
EndProject
Project("{9A19103F-16F7-4668-BE54-9A1E7A4F7556}") = "R5T.L0058", "..\..\R5T.L0058\source\R5T.L0058\R5T.L0058.csproj", "{2AB7956A-375E-42C4-9320-7E4E7D1AF554}"
EndProject
Project("{9A19103F-16F7-4668-BE54-9A1E7A4F7556}") = "R5T.L0061", "..\..\R5T.L0061\source\R5T.L0061\R5T.L0061.csproj", "{C3323B2A-892E-4A44-9F14-4D8924997977}"
EndProject
Project("{9A19103F-16F7-4668-BE54-9A1E7A4F7556}") = "R5T.L0064.F001", "..\..\R5T.L0064\source\R5T.L0064.F001\R5T.L0064.F001.csproj", "{09B275E3-9E8F-47AD-A400-7526755985EF}"
EndProject
Project("{9A19103F-16F7-4668-BE54-9A1E7A4F7556}") = "R5T.L0066", "..\..\R5T.L0066\source\R5T.L0066\R5T.L0066.csproj", "{8CF46108-7274-439C-AC8C-A20CD55D27E7}"
EndProject
Project("{9A19103F-16F7-4668-BE54-9A1E7A4F7556}") = "R5T.NG0002", "..\..\R5T.NG0002\source\R5T.NG0002\R5T.NG0002.csproj", "{16DCD478-1D8C-4DE7-8101-8AFF6408F73A}"
EndProject
Project("{9A19103F-16F7-4668-BE54-9A1E7A4F7556}") = "R5T.NG0006", "..\..\R5T.NG0006\source\R5T.NG0006\R5T.NG0006.csproj", "{14BEDCD0-8B81-4936-8AC4-445E732A56FF}"
EndProject
Project("{9A19103F-16F7-4668-BE54-9A1E7A4F7556}") = "R5T.NG0007", "..\..\R5T.NG0007\source\R5T.NG0007\R5T.NG0007.csproj", "{6262F9DF-125A-4976-AA69-B7F7BEBA3314}"
EndProject
Project("{9A19103F-16F7-4668-BE54-9A1E7A4F7556}") = "R5T.NG0010", "..\..\R5T.NG0010\source\R5T.NG0010\R5T.NG0010.csproj", "{FE2BD881-92B6-4102-8713-7C18DB40A399}"
EndProject
Project("{9A19103F-16F7-4668-BE54-9A1E7A4F7556}") = "R5T.NG0022", "..\..\R5T.NG0022\source\R5T.NG0022\R5T.NG0022.csproj", "{DBD2C211-A0D7-4050-80D6-55B2F35BACA0}"
EndProject
Project("{9A19103F-16F7-4668-BE54-9A1E7A4F7556}") = "R5T.T0131", "..\..\R5T.T0131\source\R5T.T0131\R5T.T0131.csproj", "{A31C1C2E-7DE1-4C2F-8679-71D716DACEE9}"
EndProject
Project("{9A19103F-16F7-4668-BE54-9A1E7A4F7556}") = "R5T.T0132", "..\..\R5T.T0132\source\R5T.T0132\R5T.T0132.csproj", "{15065DDE-AFB2-43E5-9619-4175A2A9D8B9}"
EndProject
Project("{9A19103F-16F7-4668-BE54-9A1E7A4F7556}") = "R5T.T0141", "..\..\R5T.T0141\source\R5T.T0141\R5T.T0141.csproj", "{714299C8-135F-43FD-A5BD-A5C67D76BCE1}"
EndProject
Project("{9A19103F-16F7-4668-BE54-9A1E7A4F7556}") = "R5T.T0142", "..\..\R5T.T0142\source\R5T.T0142\R5T.T0142.csproj", "{7F6A6A65-99B1-4FD1-B435-F5FC409A6EAB}"
EndProject
Project("{9A19103F-16F7-4668-BE54-9A1E7A4F7556}") = "R5T.T0143", "..\..\R5T.T0143\source\R5T.T0143\R5T.T0143.csproj", "{FEC453F9-7466-4013-8E44-F5E0080C9D38}"
EndProject
Project("{9A19103F-16F7-4668-BE54-9A1E7A4F7556}") = "R5T.T0148", "..\..\R5T.T0148\source\R5T.T0148\R5T.T0148.csproj", "{0F8632AC-C372-455F-B219-1BCFFA575A13}"
EndProject
Project("{9A19103F-16F7-4668-BE54-9A1E7A4F7556}") = "R5T.T0150", "..\..\R5T.T0150\source\R5T.T0150\R5T.T0150.csproj", "{EC1F1A34-75B0-4A7F-A1E4-6A86690991C9}"
EndProject
Project("{9A19103F-16F7-4668-BE54-9A1E7A4F7556}") = "R5T.T0151", "..\..\R5T.T0151\source\R5T.T0151\R5T.T0151.csproj", "{43A31CD1-E7EC-4FA6-BD0F-58236FB13D80}"
EndProject
Project("{9A19103F-16F7-4668-BE54-9A1E7A4F7556}") = "R5T.T0152", "..\..\R5T.T0152\source\R5T.T0152\R5T.T0152.csproj", "{D4F45B59-4778-4C88-9593-DD1561D8DA4D}"
EndProject
Project("{9A19103F-16F7-4668-BE54-9A1E7A4F7556}") = "R5T.T0156", "..\..\R5T.T0156\source\R5T.T0156\R5T.T0156.csproj", "{01ADEACF-E052-4C7B-A959-BB101E73A63C}"
EndProject
Project("{9A19103F-16F7-4668-BE54-9A1E7A4F7556}") = "R5T.T0158.F000", "..\..\R5T.T0158\source\R5T.T0158.F000\R5T.T0158.F000.csproj", "{1D8892D4-AC71-4CD6-8C4C-382F36D58EE9}"
EndProject
Project("{9A19103F-16F7-4668-BE54-9A1E7A4F7556}") = "R5T.T0158.T000", "..\..\R5T.T0158\source\R5T.T0158.T000\R5T.T0158.T000.csproj", "{635F607B-5B66-4947-B8FE-ABA62DE74C63}"
EndProject
Project("{9A19103F-16F7-4668-BE54-9A1E7A4F7556}") = "R5T.T0158", "..\..\R5T.T0158\source\R5T.T0158\R5T.T0158.csproj", "{5F2D7F02-A38C-4872-929B-5DB077A4416C}"
EndProject
Project("{9A19103F-16F7-4668-BE54-9A1E7A4F7556}") = "R5T.T0159.F000", "..\..\R5T.T0159\source\R5T.T0159.F000\R5T.T0159.F000.csproj", "{BE4F748A-E2D2-43A2-AC71-32A3449C7849}"
EndProject
Project("{9A19103F-16F7-4668-BE54-9A1E7A4F7556}") = "R5T.T0159", "..\..\R5T.T0159\source\R5T.T0159\R5T.T0159.csproj", "{33B7ABAE-648B-446F-9C92-B831EA431FA3}"
EndProject
Project("{9A19103F-16F7-4668-BE54-9A1E7A4F7556}") = "R5T.T0161", "..\..\R5T.T0161\source\R5T.T0161\R5T.T0161.csproj", "{08639C96-D3E3-4348-A5FE-CA8C49898794}"
EndProject
Project("{9A19103F-16F7-4668-BE54-9A1E7A4F7556}") = "R5T.T0172", "..\..\R5T.T0172\source\R5T.T0172\R5T.T0172.csproj", "{6C540CD7-7D00-4CF4-8CDA-03B653DAF90F}"
EndProject
Project("{9A19103F-16F7-4668-BE54-9A1E7A4F7556}") = "R5T.T0174", "..\..\R5T.T0174\source\R5T.T0174\R5T.T0174.csproj", "{599AE72E-04ED-4FBB-8287-5A18DC8BD426}"
EndProject
Project("{9A19103F-16F7-4668-BE54-9A1E7A4F7556}") = "R5T.T0176", "..\..\R5T.T0176\source\R5T.T0176\R5T.T0176.csproj", "{A60AE5E5-6315-4A7B-BD12-D32BF4167551}"
EndProject
Project("{9A19103F-16F7-4668-BE54-9A1E7A4F7556}") = "R5T.T0177", "..\..\R5T.T0177\source\R5T.T0177\R5T.T0177.csproj", "{83980339-1049-4B6E-BD02-CDFF54569140}"
EndProject
Project("{9A19103F-16F7-4668-BE54-9A1E7A4F7556}") = "R5T.T0178", "..\..\R5T.T0178\source\R5T.T0178\R5T.T0178.csproj", "{E7F70367-E38D-45CE-909D-BE5A764A5310}"
EndProject
Project("{9A19103F-16F7-4668-BE54-9A1E7A4F7556}") = "R5T.T0179", "..\..\R5T.T0179\source\R5T.T0179\R5T.T0179.csproj", "{73F7E88D-5468-4510-9CD8-25F03BA64FDE}"
EndProject
Project("{9A19103F-16F7-4668-BE54-9A1E7A4F7556}") = "R5T.T0180", "..\..\R5T.T0180\source\R5T.T0180\R5T.T0180.csproj", "{A5BBE27F-A98C-4510-87B9-A09ED3E23FA7}"
EndProject
Project("{9A19103F-16F7-4668-BE54-9A1E7A4F7556}") = "R5T.T0181", "..\..\R5T.T0181\source\R5T.T0181\R5T.T0181.csproj", "{DB66BED1-0746-451C-8B33-E7C984FE886C}"
EndProject
Project("{9A19103F-16F7-4668-BE54-9A1E7A4F7556}") = "R5T.T0184", "..\..\R5T.T0184\source\R5T.T0184\R5T.T0184.csproj", "{3B0EC610-93DD-425B-B646-8B4ED58DD7C3}"
EndProject
Project("{9A19103F-16F7-4668-BE54-9A1E7A4F7556}") = "R5T.T0185", "..\..\R5T.T0185\source\R5T.T0185\R5T.T0185.csproj", "{DF1AD632-A53A-41E8-80B5-CF00C1347A7D}"
EndProject
Project("{9A19103F-16F7-4668-BE54-9A1E7A4F7556}") = "R5T.T0186", "..\..\R5T.T0186\source\R5T.T0186\R5T.T0186.csproj", "{CE4384E3-0C09-427D-B304-632D6FC472EB}"
EndProject
Project("{9A19103F-16F7-4668-BE54-9A1E7A4F7556}") = "R5T.T0187", "..\..\R5T.T0187\source\R5T.T0187\R5T.T0187.csproj", "{F962FD0A-ABCB-4A7C-91E5-1F358B0C0C70}"
EndProject
Project("{9A19103F-16F7-4668-BE54-9A1E7A4F7556}") = "R5T.T0196", "..\..\R5T.T0196\source\R5T.T0196\R5T.T0196.csproj", "{92B43ADC-D23F-4CE2-8CC3-1C95F8FAA9ED}"
EndProject
Project("{9A19103F-16F7-4668-BE54-9A1E7A4F7556}") = "R5T.T0197", "..\..\R5T.T0197\source\R5T.T0197\R5T.T0197.csproj", "{C2C48B32-2A5E-43EC-8CA6-28D309962D92}"
EndProject
Project("{9A19103F-16F7-4668-BE54-9A1E7A4F7556}") = "R5T.T0198", "..\..\R5T.T0198\source\R5T.T0198\R5T.T0198.csproj", "{8E1E5DBA-5B58-4D0D-A3CF-3C897023F634}"
EndProject
Project("{9A19103F-16F7-4668-BE54-9A1E7A4F7556}") = "R5T.T0199", "..\..\R5T.T0199\source\R5T.T0199\R5T.T0199.csproj", "{FDC35694-ED15-4F25-A2A2-868C15E79375}"
EndProject
Project("{9A19103F-16F7-4668-BE54-9A1E7A4F7556}") = "R5T.T0200", "..\..\R5T.T0200\source\R5T.T0200\R5T.T0200.csproj", "{CE014F75-E3D5-4E66-A500-1545CFFBB155}"
EndProject
Project("{9A19103F-16F7-4668-BE54-9A1E7A4F7556}") = "R5T.T0203", "..\..\R5T.T0203\source\R5T.T0203\R5T.T0203.csproj", "{1F12700F-D222-4268-8522-AE5C4F005D15}"
EndProject
Project("{9A19103F-16F7-4668-BE54-9A1E7A4F7556}") = "R5T.T0213", "..\..\R5T.T0213\source\R5T.T0213\R5T.T0213.csproj", "{2A5A4E94-F39C-4ECE-B255-2F6580EB9F85}"
EndProject
Project("{9A19103F-16F7-4668-BE54-9A1E7A4F7556}") = "R5T.T0214.Z001", "..\..\R5T.T0214\source\R5T.T0214.Z001\R5T.T0214.Z001.csproj", "{5B7F0D69-8B4C-48C6-9FF4-BFC63FFFA256}"
EndProject
Project("{9A19103F-16F7-4668-BE54-9A1E7A4F7556}") = "R5T.T0214", "..\..\R5T.T0214\source\R5T.T0214\R5T.T0214.csproj", "{6EDBA841-1CAC-4D3C-901E-F95954BA0A44}"
EndProject
Project("{9A19103F-16F7-4668-BE54-9A1E7A4F7556}") = "R5T.T0215.Z000", "..\..\R5T.T0215\source\R5T.T0215.Z000\R5T.T0215.Z000.csproj", "{52FDF9F1-AB77-4EBB-937D-6AC87C0ECDB8}"
EndProject
Project("{9A19103F-16F7-4668-BE54-9A1E7A4F7556}") = "R5T.T0215", "..\..\R5T.T0215\source\R5T.T0215\R5T.T0215.csproj", "{49EEE93A-5E2B-4EAD-A9A2-D81571B0F1DD}"
EndProject
Project("{9A19103F-16F7-4668-BE54-9A1E7A4F7556}") = "R5T.T0216.F001", "..\..\R5T.T0216\source\R5T.T0216.F001\R5T.T0216.F001.csproj", "{D5246F92-83AE-48F2-808D-733ABFC3EE20}"
EndProject
Project("{9A19103F-16F7-4668-BE54-9A1E7A4F7556}") = "R5T.T0216", "..\..\R5T.T0216\source\R5T.T0216\R5T.T0216.csproj", "{1E7932E9-6D9B-4ACD-B15F-A5293CECF0F4}"
EndProject
Project("{9A19103F-16F7-4668-BE54-9A1E7A4F7556}") = "R5T.T0217.F001", "..\..\R5T.T0217\source\R5T.T0217.F001\R5T.T0217.F001.csproj", "{3D3A1D07-7C3C-42E9-9C38-A61966BF552C}"
EndProject
Project("{9A19103F-16F7-4668-BE54-9A1E7A4F7556}") = "R5T.T0217", "..\..\R5T.T0217\source\R5T.T0217\R5T.T0217.csproj", "{75C6B16F-D666-4E38-9C36-E58B839818C1}"
EndProject
Project("{9A19103F-16F7-4668-BE54-9A1E7A4F7556}") = "R5T.T0218", "..\..\R5T.T0218\source\R5T.T0218\R5T.T0218.csproj", "{E480E396-B0FE-4376-85B3-C2EC4044C28E}"
EndProject
Project("{9A19103F-16F7-4668-BE54-9A1E7A4F7556}") = "R5T.T0219", "..\..\R5T.T0219\source\R5T.T0219\R5T.T0219.csproj", "{00356EA2-0991-4D5D-9BB7-E69FA40F3DFA}"
EndProject
Project("{9A19103F-16F7-4668-BE54-9A1E7A4F7556}") = "R5T.T0220", "..\..\R5T.T0220\source\R5T.T0220\R5T.T0220.csproj", "{6FCA9C79-EBA3-4A49-95C3-20015F69503D}"
EndProject
Project("{9A19103F-16F7-4668-BE54-9A1E7A4F7556}") = "R5T.T0221", "..\..\R5T.T0221\source\R5T.T0221\R5T.T0221.csproj", "{C1DAF410-0929-4EA1-9FB1-832791D2CF3B}"
EndProject
Project("{9A19103F-16F7-4668-BE54-9A1E7A4F7556}") = "R5T.T0224", "..\..\R5T.T0224\source\R5T.T0224\R5T.T0224.csproj", "{E673DC1E-D3AB-4A8B-8692-52D3A238ED01}"
EndProject
Project("{9A19103F-16F7-4668-BE54-9A1E7A4F7556}") = "R5T.T0227", "..\..\R5T.T0227\source\R5T.T0227\R5T.T0227.csproj", "{35C3BA3A-646E-4D1C-BE88-C7FB4F842B74}"
EndProject
Project("{9A19103F-16F7-4668-BE54-9A1E7A4F7556}") = "R5T.Y0000", "..\..\R5T.Y0000\source\R5T.Y0000\R5T.Y0000.csproj", "{E252CB63-E79F-4B4B-9FC4-79AF343E71AC}"
EndProject
Project("{9A19103F-16F7-4668-BE54-9A1E7A4F7556}") = "R5T.Z0000", "..\..\R5T.Z0000\source\R5T.Z0000\R5T.Z0000.csproj", "{613594FE-ABED-4020-A7E5-392CB27E4D42}"
EndProject
Project("{9A19103F-16F7-4668-BE54-9A1E7A4F7556}") = "R5T.Z0010.Platform", "..\..\R5T.Z0010\source\R5T.Z0010.Platform\R5T.Z0010.Platform.csproj", "{EB7FCEAF-6CC5-4E10-A0C3-EEFC05AB71A3}"
EndProject
Project("{9A19103F-16F7-4668-BE54-9A1E7A4F7556}") = "R5T.Z0010", "..\..\R5T.Z0010\source\R5T.Z0010\R5T.Z0010.csproj", "{02E9C308-5CB4-4AEC-9D11-9B3B8D72D0C4}"
EndProject
Project("{9A19103F-16F7-4668-BE54-9A1E7A4F7556}") = "R5T.Z0012", "..\..\R5T.Z0012\source\R5T.Z0012\R5T.Z0012.csproj", "{4F49444B-EFF9-4EB5-B651-580DB2891736}"
EndProject
Project("{9A19103F-16F7-4668-BE54-9A1E7A4F7556}") = "R5T.Z0044.Z000", "..\..\R5T.Z0044\source\R5T.Z0044.Z000\R5T.Z0044.Z000.csproj", "{9F63AB7F-244C-44E3-B54F-7744A5D0192D}"
EndProject
Project("{9A19103F-16F7-4668-BE54-9A1E7A4F7556}") = "R5T.Z0046.Platform", "..\..\R5T.Z0046\source\R5T.Z0046.Platform\R5T.Z0046.Platform.csproj", "{E2B24CDC-12A9-4390-A712-2F1BAF4C05B6}"
EndProject
Project("{9A19103F-16F7-4668-BE54-9A1E7A4F7556}") = "R5T.Z0046", "..\..\R5T.Z0046\source\R5T.Z0046\R5T.Z0046.csproj", "{AA9ABABA-2598-404B-8786-439327C2729D}"
EndProject
Project("{9A19103F-16F7-4668-BE54-9A1E7A4F7556}") = "R5T.Z0057.Platform", "..\..\R5T.Z0057\source\R5T.Z0057.Platform\R5T.Z0057.Platform.csproj", "{C2B8607F-5F72-48B6-B751-D5B33FD5C6F9}"
EndProject
Project("{9A19103F-16F7-4668-BE54-9A1E7A4F7556}") = "R5T.Z0057", "..\..\R5T.Z0057\source\R5T.Z0057\R5T.Z0057.csproj", "{B9F8E389-05E4-4C91-9137-A2D23AFCC3EA}"
EndProject
Project("{9A19103F-16F7-4668-BE54-9A1E7A4F7556}") = "R5T.Z0058", "..\..\R5T.Z0058\source\R5T.Z0058\R5T.Z0058.csproj", "{1BD25B40-5FEA-4118-A962-3656EFC9CBB0}"
EndProject
Project("{9A19103F-16F7-4668-BE54-9A1E7A4F7556}") = "R5T.Z0063.Platform", "..\..\R5T.Z0063\source\R5T.Z0063.Platform\R5T.Z0063.Platform.csproj", "{20CC87B2-61D6-4A68-B714-EC549744F636}"
EndProject
Project("{9A19103F-16F7-4668-BE54-9A1E7A4F7556}") = "R5T.Z0063", "..\..\R5T.Z0063\source\R5T.Z0063\R5T.Z0063.csproj", "{4E0A4BB2-4D92-44C9-A45B-A6F589BD878F}"
EndProject
Project("{9A19103F-16F7-4668-BE54-9A1E7A4F7556}") = "R5T.F0016.F001", "..\..\R5T.F0016\source\R5T.F0016.F001\R5T.F0016.F001.csproj", "{DE8A752A-AF3E-45C6-A649-EC5DADF24067}"
EndProject
Project("{9A19103F-16F7-4668-BE54-9A1E7A4F7556}") = "R5T.F0016", "..\..\R5T.F0016\source\R5T.F0016\R5T.F0016.csproj", "{539C3623-1F58-41BF-A1D4-7F1267BD2A15}"
EndProject
Project("{9A19103F-16F7-4668-BE54-9A1E7A4F7556}") = "R5T.F0026", "..\..\R5T.F0026\source\R5T.F0026\R5T.F0026.csproj", "{D5D7D4DA-0CE2-4408-9E6B-B799A88BFC14}"
EndProject
Project("{9A19103F-16F7-4668-BE54-9A1E7A4F7556}") = "R5T.F0027", "..\..\R5T.F0027\source\R5T.F0027\R5T.F0027.csproj", "{6919D560-62C0-451C-8B83-036C3E509F25}"
EndProject
Project("{9A19103F-16F7-4668-BE54-9A1E7A4F7556}") = "R5T.F0052", "..\..\R5T.F0052\source\R5T.F0052\R5T.F0052.csproj", "{0D548255-6157-4C79-A641-81FA2FB6BB42}"
EndProject
Project("{9A19103F-16F7-4668-BE54-9A1E7A4F7556}") = "R5T.F0053", "..\..\R5T.F0053\source\R5T.F0053\R5T.F0053.csproj", "{8AED2BBB-7BEC-4DDA-90BB-DA4B603771E9}"
EndProject
Project("{9A19103F-16F7-4668-BE54-9A1E7A4F7556}") = "R5T.F0054", "..\..\R5T.F0054\source\R5T.F0054\R5T.F0054.csproj", "{E53613A5-4EA4-4636-ADCD-3CD8039BEC31}"
EndProject
Project("{9A19103F-16F7-4668-BE54-9A1E7A4F7556}") = "R5T.F0076", "..\..\R5T.F0076\source\R5T.F0076\R5T.F0076.csproj", "{EE584A86-5BCF-4CF8-B325-1016107C2572}"
EndProject
Project("{9A19103F-16F7-4668-BE54-9A1E7A4F7556}") = "R5T.F0077", "..\..\R5T.F0077\source\R5T.F0077\R5T.F0077.csproj", "{B26BE8BD-48DE-4FC2-9770-9729F841CF8C}"
EndProject
Project("{9A19103F-16F7-4668-BE54-9A1E7A4F7556}") = "R5T.Z0011", "..\..\R5T.Z0011\source\R5T.Z0011\R5T.Z0011.csproj", "{25E0CA60-90CF-4B60-AA43-9FAD99B37BED}"
EndProject
Project("{9A19103F-16F7-4668-BE54-9A1E7A4F7556}") = "F10Y.L0000", "..\..\..\Functionairy\F10Y.L0000\source\F10Y.L0000\F10Y.L0000.csproj", "{43A3A07B-94F0-451C-8CCF-63FCF20A6991}"
EndProject
Project("{9A19103F-16F7-4668-BE54-9A1E7A4F7556}") = "F10Y.L0001.L000", "..\..\..\Functionairy\F10Y.L0001\source\F10Y.L0001.L000\F10Y.L0001.L000.csproj", "{B782E962-A558-454D-BA60-CB1E91F8AB9A}"
EndProject
Project("{9A19103F-16F7-4668-BE54-9A1E7A4F7556}") = "F10Y.L0001.L001", "..\..\..\Functionairy\F10Y.L0001\source\F10Y.L0001.L001\F10Y.L0001.L001.csproj", "{9065B2FB-6218-47A7-AE7E-F4AC78E490FD}"
EndProject
Project("{9A19103F-16F7-4668-BE54-9A1E7A4F7556}") = "F10Y.L0001.L002", "..\..\..\Functionairy\F10Y.L0001\source\F10Y.L0001.L002\F10Y.L0001.L002.csproj", "{B7CFF2DA-3507-4EF1-A59C-1DC35F304C99}"
EndProject
Project("{9A19103F-16F7-4668-BE54-9A1E7A4F7556}") = "F10Y.L0001.L003", "..\..\..\Functionairy\F10Y.L0001\source\F10Y.L0001.L003\F10Y.L0001.L003.csproj", "{F364A68A-FDBA-464B-8822-D35ADA0F395D}"
EndProject
Project("{9A19103F-16F7-4668-BE54-9A1E7A4F7556}") = "F10Y.L0001.T000", "..\..\..\Functionairy\F10Y.L0001\source\F10Y.L0001.T000\F10Y.L0001.T000.csproj", "{24EA0CBA-CAE3-499A-969B-0F3DF29A3803}"
EndProject
Project("{9A19103F-16F7-4668-BE54-9A1E7A4F7556}") = "F10Y.L0001.X000", "..\..\..\Functionairy\F10Y.L0001\source\F10Y.L0001.X000\F10Y.L0001.X000.csproj", "{110ECEEE-12B6-4439-9B47-3B2BD641FE5B}"
EndProject
Project("{9A19103F-16F7-4668-BE54-9A1E7A4F7556}") = "F10Y.L0001.Z000", "..\..\..\Functionairy\F10Y.L0001\source\F10Y.L0001.Z000\F10Y.L0001.Z000.csproj", "{1D074E5F-D4BA-4129-8FF0-60ABDA42D56E}"
EndProject
Project("{9A19103F-16F7-4668-BE54-9A1E7A4F7556}") = "F10Y.L0001", "..\..\..\Functionairy\F10Y.L0001\source\F10Y.L0001\F10Y.L0001.csproj", "{7E7B24EC-B2C3-4FAD-BC63-5037988DD8CF}"
EndProject
Project("{9A19103F-16F7-4668-BE54-9A1E7A4F7556}") = "F10Y.L0003.L001", "..\..\..\Functionairy\F10Y.L0003\source\F10Y.L0003.L001\F10Y.L0003.L001.csproj", "{1E700B47-7A05-470F-925C-6165BCBC0094}"
EndProject
Project("{9A19103F-16F7-4668-BE54-9A1E7A4F7556}") = "F10Y.L0003", "..\..\..\Functionairy\F10Y.L0003\source\F10Y.L0003\F10Y.L0003.csproj", "{26D513C1-86F0-4A48-BC5D-EB3CC3F8A13C}"
EndProject
Project("{9A19103F-16F7-4668-BE54-9A1E7A4F7556}") = "F10Y.L0005.T001", "..\..\..\Functionairy\F10Y.L0005\source\F10Y.L0005.T001\F10Y.L0005.T001.csproj", "{60A7385F-5335-4D66-A030-2D5531479B35}"
EndProject
Project("{9A19103F-16F7-4668-BE54-9A1E7A4F7556}") = "F10Y.L0005", "..\..\..\Functionairy\F10Y.L0005\source\F10Y.L0005\F10Y.L0005.csproj", "{422077D7-DF9C-45AE-B45A-98D0EBB51F80}"
EndProject
Project("{9A19103F-16F7-4668-BE54-9A1E7A4F7556}") = "F10Y.T0000", "..\..\..\Functionairy\F10Y.T0000\source\F10Y.T0000\F10Y.T0000.csproj", "{F05963DF-0526-4576-9AE4-2059CD04DD61}"
EndProject
Project("{9A19103F-16F7-4668-BE54-9A1E7A4F7556}") = "F10Y.T0001", "..\..\..\Functionairy\F10Y.T0001\source\F10Y.T0001\F10Y.T0001.csproj", "{8070E12E-9FB3-4B20-A185-C10C51A8BCD5}"
EndProject
Project("{9A19103F-16F7-4668-BE54-9A1E7A4F7556}") = "F10Y.T0002", "..\..\..\Functionairy\F10Y.T0002\source\F10Y.T0002\F10Y.T0002.csproj", "{8FFC7C37-9D9F-4F75-854C-F70B1FE1264A}"
EndProject
Project("{9A19103F-16F7-4668-BE54-9A1E7A4F7556}") = "F10Y.T0003", "..\..\..\Functionairy\F10Y.T0003\source\F10Y.T0003\F10Y.T0003.csproj", "{480A9C37-4B68-4233-90CC-60CFC8FD5437}"
EndProject
Project("{9A19103F-16F7-4668-BE54-9A1E7A4F7556}") = "F10Y.T0004", "..\..\..\Functionairy\F10Y.T0004\source\F10Y.T0004\F10Y.T0004.csproj", "{007AD467-B793-4720-A80B-E4F3B9B177F8}"
EndProject
Project("{9A19103F-16F7-4668-BE54-9A1E7A4F7556}") = "F10Y.T0009", "..\..\..\Functionairy\F10Y.T0009\source\F10Y.T0009\F10Y.T0009.csproj", "{B0C0C13C-BD9D-48F9-9B18-36948134BDBD}"
EndProject
Project("{9A19103F-16F7-4668-BE54-9A1E7A4F7556}") = "F10Y.T0011", "..\..\..\Functionairy\F10Y.T0011\source\F10Y.T0011\F10Y.T0011.csproj", "{F37950FB-A79E-4501-A982-1EFE3AF2CC94}"
EndProject
Project("{9A19103F-16F7-4668-BE54-9A1E7A4F7556}") = "F10Y.Y0000", "..\..\..\Functionairy\F10Y.Y0000\source\F10Y.Y0000\F10Y.Y0000.csproj", "{A59E5FDB-6573-448F-9F66-C423D8FAA7B3}"
EndProject
Project("{9A19103F-16F7-4668-BE54-9A1E7A4F7556}") = "R5T.L0032.Y000", "..\..\R5T.L0032\source\R5T.L0032.Y000\R5T.L0032.Y000.csproj", "{8B700F3F-E0DA-4972-B52B-6275AF0FBC8D}"
EndProject
Project("{9A19103F-16F7-4668-BE54-9A1E7A4F7556}") = "R5T.L0071", "..\..\R5T.L0071\source\R5T.L0071\R5T.L0071.csproj", "{78E09222-25F4-4BB8-8F80-064FF3060CF3}"
EndProject
Project("{9A19103F-16F7-4668-BE54-9A1E7A4F7556}") = "R5T.L0074", "..\..\R5T.L0074\source\R5T.L0074\R5T.L0074.csproj", "{030254F1-33C6-47F3-B250-AC737D103FCD}"
EndProject
Project("{9A19103F-16F7-4668-BE54-9A1E7A4F7556}") = "R5T.L0089.F000", "..\..\R5T.L0089\source\R5T.L0089.F000\R5T.L0089.F000.csproj", "{48338E9C-495A-44A0-9A4E-7B82995DD662}"
EndProject
Project("{9A19103F-16F7-4668-BE54-9A1E7A4F7556}") = "R5T.L0089.T000", "..\..\R5T.L0089\source\R5T.L0089.T000\R5T.L0089.T000.csproj", "{36C00897-BFBE-450E-8763-BDFE13635F01}"
EndProject
Project("{9A19103F-16F7-4668-BE54-9A1E7A4F7556}") = "R5T.L0089", "..\..\R5T.L0089\source\R5T.L0089\R5T.L0089.csproj", "{D8665959-A6A4-47C9-AD32-5D608A5B33FF}"
EndProject
Project("{9A19103F-16F7-4668-BE54-9A1E7A4F7556}") = "R5T.T0199.T000", "..\..\R5T.T0199\source\R5T.T0199.T000\R5T.T0199.T000.csproj", "{ED363FFD-068C-469D-B24C-55FE4A253C2B}"
EndProject
Project("{9A19103F-16F7-4668-BE54-9A1E7A4F7556}") = "R5T.T0199.T001", "..\..\R5T.T0199\source\R5T.T0199.T001\R5T.T0199.T001.csproj", "{19FAC105-B769-4E52-A0B9-599B54E35746}"
EndProject
Project("{9A19103F-16F7-4668-BE54-9A1E7A4F7556}") = "R5T.T0241", "..\..\R5T.T0241\source\R5T.T0241\R5T.T0241.csproj", "{5489E806-22B7-4BA9-A3BA-F922C1A8A7D1}"
EndProject
Project("{9A19103F-16F7-4668-BE54-9A1E7A4F7556}") = "R5T.T0251", "..\..\R5T.T0251\source\R5T.T0251\R5T.T0251.csproj", "{8767BD38-8C67-4731-897A-4C04F006803E}"
EndProject
Project("{9A19103F-16F7-4668-BE54-9A1E7A4F7556}") = "R5T.T0252", "..\..\R5T.T0252\source\R5T.T0252\R5T.T0252.csproj", "{2E3E42FE-20BD-4671-B709-8B48CDAEB4A1}"
EndProject
Project("{9A19103F-16F7-4668-BE54-9A1E7A4F7556}") = "R5T.Y0006", "..\..\R5T.Y0006\source\R5T.Y0006\R5T.Y0006.csproj", "{2A1B71D9-079A-4336-BDD5-15871284260E}"
EndProject
Project("{9A19103F-16F7-4668-BE54-9A1E7A4F7556}") = "R5T.Z0063.Z000", "..\..\R5T.Z0063\source\R5T.Z0063.Z000\R5T.Z0063.Z000.csproj", "{E66A5551-4C9A-4792-816D-E840B31E6533}"
EndProject
Project("{9A19103F-16F7-4668-BE54-9A1E7A4F7556}") = "R5T.Z0063.Z001", "..\..\R5T.Z0063\source\R5T.Z0063.Z001\R5T.Z0063.Z001.csproj", "{2BAA9638-0E03-4C34-9BF1-4C836727FCA8}"
EndProject
Project("{9A19103F-16F7-4668-BE54-9A1E7A4F7556}") = "R5T.Z0063.Z002", "..\..\R5T.Z0063\source\R5T.Z0063.Z002\R5T.Z0063.Z002.csproj", "{84C0B9F8-47B2-4C36-8758-349BC63A22DD}"
EndProject
Project("{9A19103F-16F7-4668-BE54-9A1E7A4F7556}") = "R5T.Z0063.Z003", "..\..\R5T.Z0063\source\R5T.Z0063.Z003\R5T.Z0063.Z003.csproj", "{0A6D5246-EE9C-47D7-A287-1136AFE6895D}"
EndProject
Project("{9A19103F-16F7-4668-BE54-9A1E7A4F7556}") = "R5T.Z0070.Z000", "..\..\R5T.Z0070\source\R5T.Z0070.Z000\R5T.Z0070.Z000.csproj", "{B4FEFAFC-7C3E-4E79-A956-37D2351280DE}"
EndProject
Project("{9A19103F-16F7-4668-BE54-9A1E7A4F7556}") = "R5T.Z0071.Z000", "..\..\R5T.Z0071\source\R5T.Z0071.Z000\R5T.Z0071.Z000.csproj", "{D4C450DC-585B-450C-A62A-91E713127B87}"
EndProject
Project("{9A19103F-16F7-4668-BE54-9A1E7A4F7556}") = "R5T.Z0071.Z002", "..\..\R5T.Z0071\source\R5T.Z0071.Z002\R5T.Z0071.Z002.csproj", "{606A8AE3-72FF-4E38-B607-8453CD3F6747}"
EndProject
Project("{9A19103F-16F7-4668-BE54-9A1E7A4F7556}") = "R5T.Z0072.Z000", "..\..\R5T.Z0072\source\R5T.Z0072.Z000\R5T.Z0072.Z000.csproj", "{DD36B1D3-7F83-4BDC-84D0-1971248E7853}"
EndProject
Project("{9A19103F-16F7-4668-BE54-9A1E7A4F7556}") = "R5T.Z0072.Z001", "..\..\R5T.Z0072\source\R5T.Z0072.Z001\R5T.Z0072.Z001.csproj", "{F4CF5D9B-4063-483C-BF54-4D9EBABC2479}"
EndProject
Project("{9A19103F-16F7-4668-BE54-9A1E7A4F7556}") = "R5T.Z0072.Z002", "..\..\R5T.Z0072\source\R5T.Z0072.Z002\R5T.Z0072.Z002.csproj", "{984AFFC3-6C3E-4544-925D-82D7BF144352}"
EndProject
Project("{9A19103F-16F7-4668-BE54-9A1E7A4F7556}") = "R5T.Z0072.Z004", "..\..\R5T.Z0072\source\R5T.Z0072.Z004\R5T.Z0072.Z004.csproj", "{B0D0A49D-149B-4777-8570-CC43AF28EBAD}"
EndProject
Project("{9A19103F-16F7-4668-BE54-9A1E7A4F7556}") = "R5T.Z0073.Z000", "..\..\R5T.Z0073\source\R5T.Z0073.Z000\R5T.Z0073.Z000.csproj", "{04912079-6D86-4BBB-8B69-02BBAB4B5C89}"
EndProject
Global
	GlobalSection(NestedProjects) = preSolution
		{C1F75B79-AB63-413D-96EE-052699A02684} = {72F50E85-39F3-4D75-858F-D15983364FC6}
		{3859C228-82B5-4196-BA6C-976AE964C14C} = {72F50E85-39F3-4D75-858F-D15983364FC6}
		{EC402C55-8E7E-4D12-95A2-2F3CF989A6F8} = {72F50E85-39F3-4D75-858F-D15983364FC6}
		{E549913A-F046-45E9-B07F-BBB0F8A04B7B} = {72F50E85-39F3-4D75-858F-D15983364FC6}
		{D1CA98F4-6F39-4B18-A89F-1AA3CE950CD9} = {72F50E85-39F3-4D75-858F-D15983364FC6}
		{E404C0BB-EDB6-4BEF-A2EE-7D0849AC6EB5} = {72F50E85-39F3-4D75-858F-D15983364FC6}
		{2F4C4EB9-F86A-43AE-8A49-BA46F13B11E0} = {72F50E85-39F3-4D75-858F-D15983364FC6}
		{DDB09BE7-CCDB-43D7-AEAB-1B712AA1090E} = {72F50E85-39F3-4D75-858F-D15983364FC6}
		{D7ABFEDA-072B-47DC-85C0-5E3A9320EACD} = {72F50E85-39F3-4D75-858F-D15983364FC6}
		{26628FE5-DB93-4B38-8D84-1FD049B7BF09} = {72F50E85-39F3-4D75-858F-D15983364FC6}
		{3C86CE41-CE9D-49CE-82B5-9D7A40E611EF} = {72F50E85-39F3-4D75-858F-D15983364FC6}
		{0A349FF7-0C6A-418D-9DEA-65B1150BEB3E} = {72F50E85-39F3-4D75-858F-D15983364FC6}
		{F496A09C-5F32-4170-8CD9-F1DF7311870D} = {72F50E85-39F3-4D75-858F-D15983364FC6}
		{D296375D-399E-418A-B73A-F63C50A014E5} = {72F50E85-39F3-4D75-858F-D15983364FC6}
		{985B39AE-C62C-4440-87E4-3774CFB7CFEF} = {72F50E85-39F3-4D75-858F-D15983364FC6}
		{0C71DE14-AA4B-4B40-AB0C-9C64FB90463B} = {72F50E85-39F3-4D75-858F-D15983364FC6}
		{C5B8315B-5B04-4E78-A630-4E5A5F26C737} = {72F50E85-39F3-4D75-858F-D15983364FC6}
		{839403C5-61E0-4EB8-A193-CB24BAFDFD92} = {72F50E85-39F3-4D75-858F-D15983364FC6}
		{1C05F44D-F1B8-4D4B-BED1-80DFF1B1FA2D} = {72F50E85-39F3-4D75-858F-D15983364FC6}
		{FA5B9225-5603-4821-8B49-F6C343BE360B} = {72F50E85-39F3-4D75-858F-D15983364FC6}
		{9885604F-C10B-48B6-862E-9589C52D375C} = {72F50E85-39F3-4D75-858F-D15983364FC6}
		{9E96C935-3707-4E9F-8B1F-F235232A8D08} = {72F50E85-39F3-4D75-858F-D15983364FC6}
		{B5FF042D-D532-47FC-A582-24006732D7EC} = {72F50E85-39F3-4D75-858F-D15983364FC6}
		{6A343838-CF9A-40E2-AE7E-EBE6DC52EA13} = {72F50E85-39F3-4D75-858F-D15983364FC6}
		{289D3D0B-61C3-4664-8156-E0EB2898D160} = {72F50E85-39F3-4D75-858F-D15983364FC6}
		{EE4172BB-53E7-445C-8BE1-F2D5422DCB62} = {72F50E85-39F3-4D75-858F-D15983364FC6}
		{2AB7956A-375E-42C4-9320-7E4E7D1AF554} = {72F50E85-39F3-4D75-858F-D15983364FC6}
		{C3323B2A-892E-4A44-9F14-4D8924997977} = {72F50E85-39F3-4D75-858F-D15983364FC6}
		{09B275E3-9E8F-47AD-A400-7526755985EF} = {72F50E85-39F3-4D75-858F-D15983364FC6}
		{8CF46108-7274-439C-AC8C-A20CD55D27E7} = {72F50E85-39F3-4D75-858F-D15983364FC6}
		{16DCD478-1D8C-4DE7-8101-8AFF6408F73A} = {72F50E85-39F3-4D75-858F-D15983364FC6}
		{14BEDCD0-8B81-4936-8AC4-445E732A56FF} = {72F50E85-39F3-4D75-858F-D15983364FC6}
		{6262F9DF-125A-4976-AA69-B7F7BEBA3314} = {72F50E85-39F3-4D75-858F-D15983364FC6}
		{FE2BD881-92B6-4102-8713-7C18DB40A399} = {72F50E85-39F3-4D75-858F-D15983364FC6}
		{DBD2C211-A0D7-4050-80D6-55B2F35BACA0} = {72F50E85-39F3-4D75-858F-D15983364FC6}
		{A31C1C2E-7DE1-4C2F-8679-71D716DACEE9} = {72F50E85-39F3-4D75-858F-D15983364FC6}
		{15065DDE-AFB2-43E5-9619-4175A2A9D8B9} = {72F50E85-39F3-4D75-858F-D15983364FC6}
		{714299C8-135F-43FD-A5BD-A5C67D76BCE1} = {72F50E85-39F3-4D75-858F-D15983364FC6}
		{7F6A6A65-99B1-4FD1-B435-F5FC409A6EAB} = {72F50E85-39F3-4D75-858F-D15983364FC6}
		{FEC453F9-7466-4013-8E44-F5E0080C9D38} = {72F50E85-39F3-4D75-858F-D15983364FC6}
		{0F8632AC-C372-455F-B219-1BCFFA575A13} = {72F50E85-39F3-4D75-858F-D15983364FC6}
		{EC1F1A34-75B0-4A7F-A1E4-6A86690991C9} = {72F50E85-39F3-4D75-858F-D15983364FC6}
		{43A31CD1-E7EC-4FA6-BD0F-58236FB13D80} = {72F50E85-39F3-4D75-858F-D15983364FC6}
		{D4F45B59-4778-4C88-9593-DD1561D8DA4D} = {72F50E85-39F3-4D75-858F-D15983364FC6}
		{01ADEACF-E052-4C7B-A959-BB101E73A63C} = {72F50E85-39F3-4D75-858F-D15983364FC6}
		{1D8892D4-AC71-4CD6-8C4C-382F36D58EE9} = {72F50E85-39F3-4D75-858F-D15983364FC6}
		{635F607B-5B66-4947-B8FE-ABA62DE74C63} = {72F50E85-39F3-4D75-858F-D15983364FC6}
		{5F2D7F02-A38C-4872-929B-5DB077A4416C} = {72F50E85-39F3-4D75-858F-D15983364FC6}
		{BE4F748A-E2D2-43A2-AC71-32A3449C7849} = {72F50E85-39F3-4D75-858F-D15983364FC6}
		{33B7ABAE-648B-446F-9C92-B831EA431FA3} = {72F50E85-39F3-4D75-858F-D15983364FC6}
		{08639C96-D3E3-4348-A5FE-CA8C49898794} = {72F50E85-39F3-4D75-858F-D15983364FC6}
		{6C540CD7-7D00-4CF4-8CDA-03B653DAF90F} = {72F50E85-39F3-4D75-858F-D15983364FC6}
		{599AE72E-04ED-4FBB-8287-5A18DC8BD426} = {72F50E85-39F3-4D75-858F-D15983364FC6}
		{A60AE5E5-6315-4A7B-BD12-D32BF4167551} = {72F50E85-39F3-4D75-858F-D15983364FC6}
		{83980339-1049-4B6E-BD02-CDFF54569140} = {72F50E85-39F3-4D75-858F-D15983364FC6}
		{E7F70367-E38D-45CE-909D-BE5A764A5310} = {72F50E85-39F3-4D75-858F-D15983364FC6}
		{73F7E88D-5468-4510-9CD8-25F03BA64FDE} = {72F50E85-39F3-4D75-858F-D15983364FC6}
		{A5BBE27F-A98C-4510-87B9-A09ED3E23FA7} = {72F50E85-39F3-4D75-858F-D15983364FC6}
		{DB66BED1-0746-451C-8B33-E7C984FE886C} = {72F50E85-39F3-4D75-858F-D15983364FC6}
		{3B0EC610-93DD-425B-B646-8B4ED58DD7C3} = {72F50E85-39F3-4D75-858F-D15983364FC6}
		{DF1AD632-A53A-41E8-80B5-CF00C1347A7D} = {72F50E85-39F3-4D75-858F-D15983364FC6}
		{CE4384E3-0C09-427D-B304-632D6FC472EB} = {72F50E85-39F3-4D75-858F-D15983364FC6}
		{F962FD0A-ABCB-4A7C-91E5-1F358B0C0C70} = {72F50E85-39F3-4D75-858F-D15983364FC6}
		{92B43ADC-D23F-4CE2-8CC3-1C95F8FAA9ED} = {72F50E85-39F3-4D75-858F-D15983364FC6}
		{C2C48B32-2A5E-43EC-8CA6-28D309962D92} = {72F50E85-39F3-4D75-858F-D15983364FC6}
		{8E1E5DBA-5B58-4D0D-A3CF-3C897023F634} = {72F50E85-39F3-4D75-858F-D15983364FC6}
		{FDC35694-ED15-4F25-A2A2-868C15E79375} = {72F50E85-39F3-4D75-858F-D15983364FC6}
		{CE014F75-E3D5-4E66-A500-1545CFFBB155} = {72F50E85-39F3-4D75-858F-D15983364FC6}
		{1F12700F-D222-4268-8522-AE5C4F005D15} = {72F50E85-39F3-4D75-858F-D15983364FC6}
		{2A5A4E94-F39C-4ECE-B255-2F6580EB9F85} = {72F50E85-39F3-4D75-858F-D15983364FC6}
		{5B7F0D69-8B4C-48C6-9FF4-BFC63FFFA256} = {72F50E85-39F3-4D75-858F-D15983364FC6}
		{6EDBA841-1CAC-4D3C-901E-F95954BA0A44} = {72F50E85-39F3-4D75-858F-D15983364FC6}
		{52FDF9F1-AB77-4EBB-937D-6AC87C0ECDB8} = {72F50E85-39F3-4D75-858F-D15983364FC6}
		{49EEE93A-5E2B-4EAD-A9A2-D81571B0F1DD} = {72F50E85-39F3-4D75-858F-D15983364FC6}
		{D5246F92-83AE-48F2-808D-733ABFC3EE20} = {72F50E85-39F3-4D75-858F-D15983364FC6}
		{1E7932E9-6D9B-4ACD-B15F-A5293CECF0F4} = {72F50E85-39F3-4D75-858F-D15983364FC6}
		{3D3A1D07-7C3C-42E9-9C38-A61966BF552C} = {72F50E85-39F3-4D75-858F-D15983364FC6}
		{75C6B16F-D666-4E38-9C36-E58B839818C1} = {72F50E85-39F3-4D75-858F-D15983364FC6}
		{E480E396-B0FE-4376-85B3-C2EC4044C28E} = {72F50E85-39F3-4D75-858F-D15983364FC6}
		{00356EA2-0991-4D5D-9BB7-E69FA40F3DFA} = {72F50E85-39F3-4D75-858F-D15983364FC6}
		{6FCA9C79-EBA3-4A49-95C3-20015F69503D} = {72F50E85-39F3-4D75-858F-D15983364FC6}
		{C1DAF410-0929-4EA1-9FB1-832791D2CF3B} = {72F50E85-39F3-4D75-858F-D15983364FC6}
		{E673DC1E-D3AB-4A8B-8692-52D3A238ED01} = {72F50E85-39F3-4D75-858F-D15983364FC6}
		{35C3BA3A-646E-4D1C-BE88-C7FB4F842B74} = {72F50E85-39F3-4D75-858F-D15983364FC6}
		{E252CB63-E79F-4B4B-9FC4-79AF343E71AC} = {72F50E85-39F3-4D75-858F-D15983364FC6}
		{613594FE-ABED-4020-A7E5-392CB27E4D42} = {72F50E85-39F3-4D75-858F-D15983364FC6}
		{EB7FCEAF-6CC5-4E10-A0C3-EEFC05AB71A3} = {72F50E85-39F3-4D75-858F-D15983364FC6}
		{02E9C308-5CB4-4AEC-9D11-9B3B8D72D0C4} = {72F50E85-39F3-4D75-858F-D15983364FC6}
		{4F49444B-EFF9-4EB5-B651-580DB2891736} = {72F50E85-39F3-4D75-858F-D15983364FC6}
		{9F63AB7F-244C-44E3-B54F-7744A5D0192D} = {72F50E85-39F3-4D75-858F-D15983364FC6}
		{E2B24CDC-12A9-4390-A712-2F1BAF4C05B6} = {72F50E85-39F3-4D75-858F-D15983364FC6}
		{AA9ABABA-2598-404B-8786-439327C2729D} = {72F50E85-39F3-4D75-858F-D15983364FC6}
		{C2B8607F-5F72-48B6-B751-D5B33FD5C6F9} = {72F50E85-39F3-4D75-858F-D15983364FC6}
		{B9F8E389-05E4-4C91-9137-A2D23AFCC3EA} = {72F50E85-39F3-4D75-858F-D15983364FC6}
		{1BD25B40-5FEA-4118-A962-3656EFC9CBB0} = {72F50E85-39F3-4D75-858F-D15983364FC6}
		{20CC87B2-61D6-4A68-B714-EC549744F636} = {72F50E85-39F3-4D75-858F-D15983364FC6}
		{4E0A4BB2-4D92-44C9-A45B-A6F589BD878F} = {72F50E85-39F3-4D75-858F-D15983364FC6}
		{DE8A752A-AF3E-45C6-A649-EC5DADF24067} = {72F50E85-39F3-4D75-858F-D15983364FC6}
		{539C3623-1F58-41BF-A1D4-7F1267BD2A15} = {72F50E85-39F3-4D75-858F-D15983364FC6}
		{D5D7D4DA-0CE2-4408-9E6B-B799A88BFC14} = {72F50E85-39F3-4D75-858F-D15983364FC6}
		{6919D560-62C0-451C-8B83-036C3E509F25} = {72F50E85-39F3-4D75-858F-D15983364FC6}
		{0D548255-6157-4C79-A641-81FA2FB6BB42} = {72F50E85-39F3-4D75-858F-D15983364FC6}
		{8AED2BBB-7BEC-4DDA-90BB-DA4B603771E9} = {72F50E85-39F3-4D75-858F-D15983364FC6}
		{E53613A5-4EA4-4636-ADCD-3CD8039BEC31} = {72F50E85-39F3-4D75-858F-D15983364FC6}
		{EE584A86-5BCF-4CF8-B325-1016107C2572} = {72F50E85-39F3-4D75-858F-D15983364FC6}
		{B26BE8BD-48DE-4FC2-9770-9729F841CF8C} = {72F50E85-39F3-4D75-858F-D15983364FC6}
		{25E0CA60-90CF-4B60-AA43-9FAD99B37BED} = {72F50E85-39F3-4D75-858F-D15983364FC6}
		{43A3A07B-94F0-451C-8CCF-63FCF20A6991} = {72F50E85-39F3-4D75-858F-D15983364FC6}
		{B782E962-A558-454D-BA60-CB1E91F8AB9A} = {72F50E85-39F3-4D75-858F-D15983364FC6}
		{9065B2FB-6218-47A7-AE7E-F4AC78E490FD} = {72F50E85-39F3-4D75-858F-D15983364FC6}
		{B7CFF2DA-3507-4EF1-A59C-1DC35F304C99} = {72F50E85-39F3-4D75-858F-D15983364FC6}
		{F364A68A-FDBA-464B-8822-D35ADA0F395D} = {72F50E85-39F3-4D75-858F-D15983364FC6}
		{24EA0CBA-CAE3-499A-969B-0F3DF29A3803} = {72F50E85-39F3-4D75-858F-D15983364FC6}
		{110ECEEE-12B6-4439-9B47-3B2BD641FE5B} = {72F50E85-39F3-4D75-858F-D15983364FC6}
		{1D074E5F-D4BA-4129-8FF0-60ABDA42D56E} = {72F50E85-39F3-4D75-858F-D15983364FC6}
		{7E7B24EC-B2C3-4FAD-BC63-5037988DD8CF} = {72F50E85-39F3-4D75-858F-D15983364FC6}
		{1E700B47-7A05-470F-925C-6165BCBC0094} = {72F50E85-39F3-4D75-858F-D15983364FC6}
		{26D513C1-86F0-4A48-BC5D-EB3CC3F8A13C} = {72F50E85-39F3-4D75-858F-D15983364FC6}
		{60A7385F-5335-4D66-A030-2D5531479B35} = {72F50E85-39F3-4D75-858F-D15983364FC6}
		{422077D7-DF9C-45AE-B45A-98D0EBB51F80} = {72F50E85-39F3-4D75-858F-D15983364FC6}
		{F05963DF-0526-4576-9AE4-2059CD04DD61} = {72F50E85-39F3-4D75-858F-D15983364FC6}
		{8070E12E-9FB3-4B20-A185-C10C51A8BCD5} = {72F50E85-39F3-4D75-858F-D15983364FC6}
		{8FFC7C37-9D9F-4F75-854C-F70B1FE1264A} = {72F50E85-39F3-4D75-858F-D15983364FC6}
		{480A9C37-4B68-4233-90CC-60CFC8FD5437} = {72F50E85-39F3-4D75-858F-D15983364FC6}
		{007AD467-B793-4720-A80B-E4F3B9B177F8} = {72F50E85-39F3-4D75-858F-D15983364FC6}
		{B0C0C13C-BD9D-48F9-9B18-36948134BDBD} = {72F50E85-39F3-4D75-858F-D15983364FC6}
		{F37950FB-A79E-4501-A982-1EFE3AF2CC94} = {72F50E85-39F3-4D75-858F-D15983364FC6}
		{A59E5FDB-6573-448F-9F66-C423D8FAA7B3} = {72F50E85-39F3-4D75-858F-D15983364FC6}
		{8B700F3F-E0DA-4972-B52B-6275AF0FBC8D} = {72F50E85-39F3-4D75-858F-D15983364FC6}
		{78E09222-25F4-4BB8-8F80-064FF3060CF3} = {72F50E85-39F3-4D75-858F-D15983364FC6}
		{030254F1-33C6-47F3-B250-AC737D103FCD} = {72F50E85-39F3-4D75-858F-D15983364FC6}
		{48338E9C-495A-44A0-9A4E-7B82995DD662} = {72F50E85-39F3-4D75-858F-D15983364FC6}
		{36C00897-BFBE-450E-8763-BDFE13635F01} = {72F50E85-39F3-4D75-858F-D15983364FC6}
		{D8665959-A6A4-47C9-AD32-5D608A5B33FF} = {72F50E85-39F3-4D75-858F-D15983364FC6}
		{ED363FFD-068C-469D-B24C-55FE4A253C2B} = {72F50E85-39F3-4D75-858F-D15983364FC6}
		{19FAC105-B769-4E52-A0B9-599B54E35746} = {72F50E85-39F3-4D75-858F-D15983364FC6}
		{5489E806-22B7-4BA9-A3BA-F922C1A8A7D1} = {72F50E85-39F3-4D75-858F-D15983364FC6}
		{8767BD38-8C67-4731-897A-4C04F006803E} = {72F50E85-39F3-4D75-858F-D15983364FC6}
		{2E3E42FE-20BD-4671-B709-8B48CDAEB4A1} = {72F50E85-39F3-4D75-858F-D15983364FC6}
		{2A1B71D9-079A-4336-BDD5-15871284260E} = {72F50E85-39F3-4D75-858F-D15983364FC6}
		{E66A5551-4C9A-4792-816D-E840B31E6533} = {72F50E85-39F3-4D75-858F-D15983364FC6}
		{2BAA9638-0E03-4C34-9BF1-4C836727FCA8} = {72F50E85-39F3-4D75-858F-D15983364FC6}
		{84C0B9F8-47B2-4C36-8758-349BC63A22DD} = {72F50E85-39F3-4D75-858F-D15983364FC6}
		{0A6D5246-EE9C-47D7-A287-1136AFE6895D} = {72F50E85-39F3-4D75-858F-D15983364FC6}
		{B4FEFAFC-7C3E-4E79-A956-37D2351280DE} = {72F50E85-39F3-4D75-858F-D15983364FC6}
		{D4C450DC-585B-450C-A62A-91E713127B87} = {72F50E85-39F3-4D75-858F-D15983364FC6}
		{606A8AE3-72FF-4E38-B607-8453CD3F6747} = {72F50E85-39F3-4D75-858F-D15983364FC6}
		{DD36B1D3-7F83-4BDC-84D0-1971248E7853} = {72F50E85-39F3-4D75-858F-D15983364FC6}
		{F4CF5D9B-4063-483C-BF54-4D9EBABC2479} = {72F50E85-39F3-4D75-858F-D15983364FC6}
		{984AFFC3-6C3E-4544-925D-82D7BF144352} = {72F50E85-39F3-4D75-858F-D15983364FC6}
		{B0D0A49D-149B-4777-8570-CC43AF28EBAD} = {72F50E85-39F3-4D75-858F-D15983364FC6}
		{04912079-6D86-4BBB-8B69-02BBAB4B5C89} = {72F50E85-39F3-4D75-858F-D15983364FC6}
	EndGlobalSection
	GlobalSection(SolutionConfigurationPlatforms) = preSolution
		Debug|Any CPU = Debug|Any CPU
		Release|Any CPU = Release|Any CPU
	EndGlobalSection
	GlobalSection(ProjectConfigurationPlatforms) = postSolution
		{D233F96D-E916-4737-A613-6D7E3F97EB64}.Debug|Any CPU.ActiveCfg = Debug|Any CPU
		{D233F96D-E916-4737-A613-6D7E3F97EB64}.Debug|Any CPU.Build.0 = Debug|Any CPU
		{D233F96D-E916-4737-A613-6D7E3F97EB64}.Release|Any CPU.ActiveCfg = Release|Any CPU
		{D233F96D-E916-4737-A613-6D7E3F97EB64}.Release|Any CPU.Build.0 = Release|Any CPU
		{C1F75B79-AB63-413D-96EE-052699A02684}.Debug|Any CPU.ActiveCfg = Debug|Any CPU
		{C1F75B79-AB63-413D-96EE-052699A02684}.Debug|Any CPU.Build.0 = Debug|Any CPU
		{C1F75B79-AB63-413D-96EE-052699A02684}.Release|Any CPU.ActiveCfg = Release|Any CPU
		{C1F75B79-AB63-413D-96EE-052699A02684}.Release|Any CPU.Build.0 = Release|Any CPU
		{3859C228-82B5-4196-BA6C-976AE964C14C}.Debug|Any CPU.ActiveCfg = Debug|Any CPU
		{3859C228-82B5-4196-BA6C-976AE964C14C}.Debug|Any CPU.Build.0 = Debug|Any CPU
		{3859C228-82B5-4196-BA6C-976AE964C14C}.Release|Any CPU.ActiveCfg = Release|Any CPU
		{3859C228-82B5-4196-BA6C-976AE964C14C}.Release|Any CPU.Build.0 = Release|Any CPU
		{EC402C55-8E7E-4D12-95A2-2F3CF989A6F8}.Debug|Any CPU.ActiveCfg = Debug|Any CPU
		{EC402C55-8E7E-4D12-95A2-2F3CF989A6F8}.Debug|Any CPU.Build.0 = Debug|Any CPU
		{EC402C55-8E7E-4D12-95A2-2F3CF989A6F8}.Release|Any CPU.ActiveCfg = Release|Any CPU
		{EC402C55-8E7E-4D12-95A2-2F3CF989A6F8}.Release|Any CPU.Build.0 = Release|Any CPU
		{E549913A-F046-45E9-B07F-BBB0F8A04B7B}.Debug|Any CPU.ActiveCfg = Debug|Any CPU
		{E549913A-F046-45E9-B07F-BBB0F8A04B7B}.Debug|Any CPU.Build.0 = Debug|Any CPU
		{E549913A-F046-45E9-B07F-BBB0F8A04B7B}.Release|Any CPU.ActiveCfg = Release|Any CPU
		{E549913A-F046-45E9-B07F-BBB0F8A04B7B}.Release|Any CPU.Build.0 = Release|Any CPU
		{D1CA98F4-6F39-4B18-A89F-1AA3CE950CD9}.Debug|Any CPU.ActiveCfg = Debug|Any CPU
		{D1CA98F4-6F39-4B18-A89F-1AA3CE950CD9}.Debug|Any CPU.Build.0 = Debug|Any CPU
		{D1CA98F4-6F39-4B18-A89F-1AA3CE950CD9}.Release|Any CPU.ActiveCfg = Release|Any CPU
		{D1CA98F4-6F39-4B18-A89F-1AA3CE950CD9}.Release|Any CPU.Build.0 = Release|Any CPU
		{E404C0BB-EDB6-4BEF-A2EE-7D0849AC6EB5}.Debug|Any CPU.ActiveCfg = Debug|Any CPU
		{E404C0BB-EDB6-4BEF-A2EE-7D0849AC6EB5}.Debug|Any CPU.Build.0 = Debug|Any CPU
		{E404C0BB-EDB6-4BEF-A2EE-7D0849AC6EB5}.Release|Any CPU.ActiveCfg = Release|Any CPU
		{E404C0BB-EDB6-4BEF-A2EE-7D0849AC6EB5}.Release|Any CPU.Build.0 = Release|Any CPU
		{2F4C4EB9-F86A-43AE-8A49-BA46F13B11E0}.Debug|Any CPU.ActiveCfg = Debug|Any CPU
		{2F4C4EB9-F86A-43AE-8A49-BA46F13B11E0}.Debug|Any CPU.Build.0 = Debug|Any CPU
		{2F4C4EB9-F86A-43AE-8A49-BA46F13B11E0}.Release|Any CPU.ActiveCfg = Release|Any CPU
		{2F4C4EB9-F86A-43AE-8A49-BA46F13B11E0}.Release|Any CPU.Build.0 = Release|Any CPU
		{DDB09BE7-CCDB-43D7-AEAB-1B712AA1090E}.Debug|Any CPU.ActiveCfg = Debug|Any CPU
		{DDB09BE7-CCDB-43D7-AEAB-1B712AA1090E}.Debug|Any CPU.Build.0 = Debug|Any CPU
		{DDB09BE7-CCDB-43D7-AEAB-1B712AA1090E}.Release|Any CPU.ActiveCfg = Release|Any CPU
		{DDB09BE7-CCDB-43D7-AEAB-1B712AA1090E}.Release|Any CPU.Build.0 = Release|Any CPU
		{D7ABFEDA-072B-47DC-85C0-5E3A9320EACD}.Debug|Any CPU.ActiveCfg = Debug|Any CPU
		{D7ABFEDA-072B-47DC-85C0-5E3A9320EACD}.Debug|Any CPU.Build.0 = Debug|Any CPU
		{D7ABFEDA-072B-47DC-85C0-5E3A9320EACD}.Release|Any CPU.ActiveCfg = Release|Any CPU
		{D7ABFEDA-072B-47DC-85C0-5E3A9320EACD}.Release|Any CPU.Build.0 = Release|Any CPU
		{26628FE5-DB93-4B38-8D84-1FD049B7BF09}.Debug|Any CPU.ActiveCfg = Debug|Any CPU
		{26628FE5-DB93-4B38-8D84-1FD049B7BF09}.Debug|Any CPU.Build.0 = Debug|Any CPU
		{26628FE5-DB93-4B38-8D84-1FD049B7BF09}.Release|Any CPU.ActiveCfg = Release|Any CPU
		{26628FE5-DB93-4B38-8D84-1FD049B7BF09}.Release|Any CPU.Build.0 = Release|Any CPU
		{3C86CE41-CE9D-49CE-82B5-9D7A40E611EF}.Debug|Any CPU.ActiveCfg = Debug|Any CPU
		{3C86CE41-CE9D-49CE-82B5-9D7A40E611EF}.Debug|Any CPU.Build.0 = Debug|Any CPU
		{3C86CE41-CE9D-49CE-82B5-9D7A40E611EF}.Release|Any CPU.ActiveCfg = Release|Any CPU
		{3C86CE41-CE9D-49CE-82B5-9D7A40E611EF}.Release|Any CPU.Build.0 = Release|Any CPU
		{0A349FF7-0C6A-418D-9DEA-65B1150BEB3E}.Debug|Any CPU.ActiveCfg = Debug|Any CPU
		{0A349FF7-0C6A-418D-9DEA-65B1150BEB3E}.Debug|Any CPU.Build.0 = Debug|Any CPU
		{0A349FF7-0C6A-418D-9DEA-65B1150BEB3E}.Release|Any CPU.ActiveCfg = Release|Any CPU
		{0A349FF7-0C6A-418D-9DEA-65B1150BEB3E}.Release|Any CPU.Build.0 = Release|Any CPU
		{F496A09C-5F32-4170-8CD9-F1DF7311870D}.Debug|Any CPU.ActiveCfg = Debug|Any CPU
		{F496A09C-5F32-4170-8CD9-F1DF7311870D}.Debug|Any CPU.Build.0 = Debug|Any CPU
		{F496A09C-5F32-4170-8CD9-F1DF7311870D}.Release|Any CPU.ActiveCfg = Release|Any CPU
		{F496A09C-5F32-4170-8CD9-F1DF7311870D}.Release|Any CPU.Build.0 = Release|Any CPU
		{D296375D-399E-418A-B73A-F63C50A014E5}.Debug|Any CPU.ActiveCfg = Debug|Any CPU
		{D296375D-399E-418A-B73A-F63C50A014E5}.Debug|Any CPU.Build.0 = Debug|Any CPU
		{D296375D-399E-418A-B73A-F63C50A014E5}.Release|Any CPU.ActiveCfg = Release|Any CPU
		{D296375D-399E-418A-B73A-F63C50A014E5}.Release|Any CPU.Build.0 = Release|Any CPU
		{985B39AE-C62C-4440-87E4-3774CFB7CFEF}.Debug|Any CPU.ActiveCfg = Debug|Any CPU
		{985B39AE-C62C-4440-87E4-3774CFB7CFEF}.Debug|Any CPU.Build.0 = Debug|Any CPU
		{985B39AE-C62C-4440-87E4-3774CFB7CFEF}.Release|Any CPU.ActiveCfg = Release|Any CPU
		{985B39AE-C62C-4440-87E4-3774CFB7CFEF}.Release|Any CPU.Build.0 = Release|Any CPU
		{0C71DE14-AA4B-4B40-AB0C-9C64FB90463B}.Debug|Any CPU.ActiveCfg = Debug|Any CPU
		{0C71DE14-AA4B-4B40-AB0C-9C64FB90463B}.Debug|Any CPU.Build.0 = Debug|Any CPU
		{0C71DE14-AA4B-4B40-AB0C-9C64FB90463B}.Release|Any CPU.ActiveCfg = Release|Any CPU
		{0C71DE14-AA4B-4B40-AB0C-9C64FB90463B}.Release|Any CPU.Build.0 = Release|Any CPU
		{C5B8315B-5B04-4E78-A630-4E5A5F26C737}.Debug|Any CPU.ActiveCfg = Debug|Any CPU
		{C5B8315B-5B04-4E78-A630-4E5A5F26C737}.Debug|Any CPU.Build.0 = Debug|Any CPU
		{C5B8315B-5B04-4E78-A630-4E5A5F26C737}.Release|Any CPU.ActiveCfg = Release|Any CPU
		{C5B8315B-5B04-4E78-A630-4E5A5F26C737}.Release|Any CPU.Build.0 = Release|Any CPU
		{839403C5-61E0-4EB8-A193-CB24BAFDFD92}.Debug|Any CPU.ActiveCfg = Debug|Any CPU
		{839403C5-61E0-4EB8-A193-CB24BAFDFD92}.Debug|Any CPU.Build.0 = Debug|Any CPU
		{839403C5-61E0-4EB8-A193-CB24BAFDFD92}.Release|Any CPU.ActiveCfg = Release|Any CPU
		{839403C5-61E0-4EB8-A193-CB24BAFDFD92}.Release|Any CPU.Build.0 = Release|Any CPU
		{1C05F44D-F1B8-4D4B-BED1-80DFF1B1FA2D}.Debug|Any CPU.ActiveCfg = Debug|Any CPU
		{1C05F44D-F1B8-4D4B-BED1-80DFF1B1FA2D}.Debug|Any CPU.Build.0 = Debug|Any CPU
		{1C05F44D-F1B8-4D4B-BED1-80DFF1B1FA2D}.Release|Any CPU.ActiveCfg = Release|Any CPU
		{1C05F44D-F1B8-4D4B-BED1-80DFF1B1FA2D}.Release|Any CPU.Build.0 = Release|Any CPU
		{FA5B9225-5603-4821-8B49-F6C343BE360B}.Debug|Any CPU.ActiveCfg = Debug|Any CPU
		{FA5B9225-5603-4821-8B49-F6C343BE360B}.Debug|Any CPU.Build.0 = Debug|Any CPU
		{FA5B9225-5603-4821-8B49-F6C343BE360B}.Release|Any CPU.ActiveCfg = Release|Any CPU
		{FA5B9225-5603-4821-8B49-F6C343BE360B}.Release|Any CPU.Build.0 = Release|Any CPU
		{9885604F-C10B-48B6-862E-9589C52D375C}.Debug|Any CPU.ActiveCfg = Debug|Any CPU
		{9885604F-C10B-48B6-862E-9589C52D375C}.Debug|Any CPU.Build.0 = Debug|Any CPU
		{9885604F-C10B-48B6-862E-9589C52D375C}.Release|Any CPU.ActiveCfg = Release|Any CPU
		{9885604F-C10B-48B6-862E-9589C52D375C}.Release|Any CPU.Build.0 = Release|Any CPU
		{9E96C935-3707-4E9F-8B1F-F235232A8D08}.Debug|Any CPU.ActiveCfg = Debug|Any CPU
		{9E96C935-3707-4E9F-8B1F-F235232A8D08}.Debug|Any CPU.Build.0 = Debug|Any CPU
		{9E96C935-3707-4E9F-8B1F-F235232A8D08}.Release|Any CPU.ActiveCfg = Release|Any CPU
		{9E96C935-3707-4E9F-8B1F-F235232A8D08}.Release|Any CPU.Build.0 = Release|Any CPU
		{B5FF042D-D532-47FC-A582-24006732D7EC}.Debug|Any CPU.ActiveCfg = Debug|Any CPU
		{B5FF042D-D532-47FC-A582-24006732D7EC}.Debug|Any CPU.Build.0 = Debug|Any CPU
		{B5FF042D-D532-47FC-A582-24006732D7EC}.Release|Any CPU.ActiveCfg = Release|Any CPU
		{B5FF042D-D532-47FC-A582-24006732D7EC}.Release|Any CPU.Build.0 = Release|Any CPU
		{6A343838-CF9A-40E2-AE7E-EBE6DC52EA13}.Debug|Any CPU.ActiveCfg = Debug|Any CPU
		{6A343838-CF9A-40E2-AE7E-EBE6DC52EA13}.Debug|Any CPU.Build.0 = Debug|Any CPU
		{6A343838-CF9A-40E2-AE7E-EBE6DC52EA13}.Release|Any CPU.ActiveCfg = Release|Any CPU
		{6A343838-CF9A-40E2-AE7E-EBE6DC52EA13}.Release|Any CPU.Build.0 = Release|Any CPU
		{289D3D0B-61C3-4664-8156-E0EB2898D160}.Debug|Any CPU.ActiveCfg = Debug|Any CPU
		{289D3D0B-61C3-4664-8156-E0EB2898D160}.Debug|Any CPU.Build.0 = Debug|Any CPU
		{289D3D0B-61C3-4664-8156-E0EB2898D160}.Release|Any CPU.ActiveCfg = Release|Any CPU
		{289D3D0B-61C3-4664-8156-E0EB2898D160}.Release|Any CPU.Build.0 = Release|Any CPU
		{EE4172BB-53E7-445C-8BE1-F2D5422DCB62}.Debug|Any CPU.ActiveCfg = Debug|Any CPU
		{EE4172BB-53E7-445C-8BE1-F2D5422DCB62}.Debug|Any CPU.Build.0 = Debug|Any CPU
		{EE4172BB-53E7-445C-8BE1-F2D5422DCB62}.Release|Any CPU.ActiveCfg = Release|Any CPU
		{EE4172BB-53E7-445C-8BE1-F2D5422DCB62}.Release|Any CPU.Build.0 = Release|Any CPU
		{2AB7956A-375E-42C4-9320-7E4E7D1AF554}.Debug|Any CPU.ActiveCfg = Debug|Any CPU
		{2AB7956A-375E-42C4-9320-7E4E7D1AF554}.Debug|Any CPU.Build.0 = Debug|Any CPU
		{2AB7956A-375E-42C4-9320-7E4E7D1AF554}.Release|Any CPU.ActiveCfg = Release|Any CPU
		{2AB7956A-375E-42C4-9320-7E4E7D1AF554}.Release|Any CPU.Build.0 = Release|Any CPU
		{C3323B2A-892E-4A44-9F14-4D8924997977}.Debug|Any CPU.ActiveCfg = Debug|Any CPU
		{C3323B2A-892E-4A44-9F14-4D8924997977}.Debug|Any CPU.Build.0 = Debug|Any CPU
		{C3323B2A-892E-4A44-9F14-4D8924997977}.Release|Any CPU.ActiveCfg = Release|Any CPU
		{C3323B2A-892E-4A44-9F14-4D8924997977}.Release|Any CPU.Build.0 = Release|Any CPU
		{09B275E3-9E8F-47AD-A400-7526755985EF}.Debug|Any CPU.ActiveCfg = Debug|Any CPU
		{09B275E3-9E8F-47AD-A400-7526755985EF}.Debug|Any CPU.Build.0 = Debug|Any CPU
		{09B275E3-9E8F-47AD-A400-7526755985EF}.Release|Any CPU.ActiveCfg = Release|Any CPU
		{09B275E3-9E8F-47AD-A400-7526755985EF}.Release|Any CPU.Build.0 = Release|Any CPU
		{8CF46108-7274-439C-AC8C-A20CD55D27E7}.Debug|Any CPU.ActiveCfg = Debug|Any CPU
		{8CF46108-7274-439C-AC8C-A20CD55D27E7}.Debug|Any CPU.Build.0 = Debug|Any CPU
		{8CF46108-7274-439C-AC8C-A20CD55D27E7}.Release|Any CPU.ActiveCfg = Release|Any CPU
		{8CF46108-7274-439C-AC8C-A20CD55D27E7}.Release|Any CPU.Build.0 = Release|Any CPU
		{16DCD478-1D8C-4DE7-8101-8AFF6408F73A}.Debug|Any CPU.ActiveCfg = Debug|Any CPU
		{16DCD478-1D8C-4DE7-8101-8AFF6408F73A}.Debug|Any CPU.Build.0 = Debug|Any CPU
		{16DCD478-1D8C-4DE7-8101-8AFF6408F73A}.Release|Any CPU.ActiveCfg = Release|Any CPU
		{16DCD478-1D8C-4DE7-8101-8AFF6408F73A}.Release|Any CPU.Build.0 = Release|Any CPU
		{14BEDCD0-8B81-4936-8AC4-445E732A56FF}.Debug|Any CPU.ActiveCfg = Debug|Any CPU
		{14BEDCD0-8B81-4936-8AC4-445E732A56FF}.Debug|Any CPU.Build.0 = Debug|Any CPU
		{14BEDCD0-8B81-4936-8AC4-445E732A56FF}.Release|Any CPU.ActiveCfg = Release|Any CPU
		{14BEDCD0-8B81-4936-8AC4-445E732A56FF}.Release|Any CPU.Build.0 = Release|Any CPU
		{6262F9DF-125A-4976-AA69-B7F7BEBA3314}.Debug|Any CPU.ActiveCfg = Debug|Any CPU
		{6262F9DF-125A-4976-AA69-B7F7BEBA3314}.Debug|Any CPU.Build.0 = Debug|Any CPU
		{6262F9DF-125A-4976-AA69-B7F7BEBA3314}.Release|Any CPU.ActiveCfg = Release|Any CPU
		{6262F9DF-125A-4976-AA69-B7F7BEBA3314}.Release|Any CPU.Build.0 = Release|Any CPU
		{FE2BD881-92B6-4102-8713-7C18DB40A399}.Debug|Any CPU.ActiveCfg = Debug|Any CPU
		{FE2BD881-92B6-4102-8713-7C18DB40A399}.Debug|Any CPU.Build.0 = Debug|Any CPU
		{FE2BD881-92B6-4102-8713-7C18DB40A399}.Release|Any CPU.ActiveCfg = Release|Any CPU
		{FE2BD881-92B6-4102-8713-7C18DB40A399}.Release|Any CPU.Build.0 = Release|Any CPU
		{DBD2C211-A0D7-4050-80D6-55B2F35BACA0}.Debug|Any CPU.ActiveCfg = Debug|Any CPU
		{DBD2C211-A0D7-4050-80D6-55B2F35BACA0}.Debug|Any CPU.Build.0 = Debug|Any CPU
		{DBD2C211-A0D7-4050-80D6-55B2F35BACA0}.Release|Any CPU.ActiveCfg = Release|Any CPU
		{DBD2C211-A0D7-4050-80D6-55B2F35BACA0}.Release|Any CPU.Build.0 = Release|Any CPU
		{A31C1C2E-7DE1-4C2F-8679-71D716DACEE9}.Debug|Any CPU.ActiveCfg = Debug|Any CPU
		{A31C1C2E-7DE1-4C2F-8679-71D716DACEE9}.Debug|Any CPU.Build.0 = Debug|Any CPU
		{A31C1C2E-7DE1-4C2F-8679-71D716DACEE9}.Release|Any CPU.ActiveCfg = Release|Any CPU
		{A31C1C2E-7DE1-4C2F-8679-71D716DACEE9}.Release|Any CPU.Build.0 = Release|Any CPU
		{15065DDE-AFB2-43E5-9619-4175A2A9D8B9}.Debug|Any CPU.ActiveCfg = Debug|Any CPU
		{15065DDE-AFB2-43E5-9619-4175A2A9D8B9}.Debug|Any CPU.Build.0 = Debug|Any CPU
		{15065DDE-AFB2-43E5-9619-4175A2A9D8B9}.Release|Any CPU.ActiveCfg = Release|Any CPU
		{15065DDE-AFB2-43E5-9619-4175A2A9D8B9}.Release|Any CPU.Build.0 = Release|Any CPU
		{714299C8-135F-43FD-A5BD-A5C67D76BCE1}.Debug|Any CPU.ActiveCfg = Debug|Any CPU
		{714299C8-135F-43FD-A5BD-A5C67D76BCE1}.Debug|Any CPU.Build.0 = Debug|Any CPU
		{714299C8-135F-43FD-A5BD-A5C67D76BCE1}.Release|Any CPU.ActiveCfg = Release|Any CPU
		{714299C8-135F-43FD-A5BD-A5C67D76BCE1}.Release|Any CPU.Build.0 = Release|Any CPU
		{7F6A6A65-99B1-4FD1-B435-F5FC409A6EAB}.Debug|Any CPU.ActiveCfg = Debug|Any CPU
		{7F6A6A65-99B1-4FD1-B435-F5FC409A6EAB}.Debug|Any CPU.Build.0 = Debug|Any CPU
		{7F6A6A65-99B1-4FD1-B435-F5FC409A6EAB}.Release|Any CPU.ActiveCfg = Release|Any CPU
		{7F6A6A65-99B1-4FD1-B435-F5FC409A6EAB}.Release|Any CPU.Build.0 = Release|Any CPU
		{FEC453F9-7466-4013-8E44-F5E0080C9D38}.Debug|Any CPU.ActiveCfg = Debug|Any CPU
		{FEC453F9-7466-4013-8E44-F5E0080C9D38}.Debug|Any CPU.Build.0 = Debug|Any CPU
		{FEC453F9-7466-4013-8E44-F5E0080C9D38}.Release|Any CPU.ActiveCfg = Release|Any CPU
		{FEC453F9-7466-4013-8E44-F5E0080C9D38}.Release|Any CPU.Build.0 = Release|Any CPU
		{0F8632AC-C372-455F-B219-1BCFFA575A13}.Debug|Any CPU.ActiveCfg = Debug|Any CPU
		{0F8632AC-C372-455F-B219-1BCFFA575A13}.Debug|Any CPU.Build.0 = Debug|Any CPU
		{0F8632AC-C372-455F-B219-1BCFFA575A13}.Release|Any CPU.ActiveCfg = Release|Any CPU
		{0F8632AC-C372-455F-B219-1BCFFA575A13}.Release|Any CPU.Build.0 = Release|Any CPU
		{EC1F1A34-75B0-4A7F-A1E4-6A86690991C9}.Debug|Any CPU.ActiveCfg = Debug|Any CPU
		{EC1F1A34-75B0-4A7F-A1E4-6A86690991C9}.Debug|Any CPU.Build.0 = Debug|Any CPU
		{EC1F1A34-75B0-4A7F-A1E4-6A86690991C9}.Release|Any CPU.ActiveCfg = Release|Any CPU
		{EC1F1A34-75B0-4A7F-A1E4-6A86690991C9}.Release|Any CPU.Build.0 = Release|Any CPU
		{43A31CD1-E7EC-4FA6-BD0F-58236FB13D80}.Debug|Any CPU.ActiveCfg = Debug|Any CPU
		{43A31CD1-E7EC-4FA6-BD0F-58236FB13D80}.Debug|Any CPU.Build.0 = Debug|Any CPU
		{43A31CD1-E7EC-4FA6-BD0F-58236FB13D80}.Release|Any CPU.ActiveCfg = Release|Any CPU
		{43A31CD1-E7EC-4FA6-BD0F-58236FB13D80}.Release|Any CPU.Build.0 = Release|Any CPU
		{D4F45B59-4778-4C88-9593-DD1561D8DA4D}.Debug|Any CPU.ActiveCfg = Debug|Any CPU
		{D4F45B59-4778-4C88-9593-DD1561D8DA4D}.Debug|Any CPU.Build.0 = Debug|Any CPU
		{D4F45B59-4778-4C88-9593-DD1561D8DA4D}.Release|Any CPU.ActiveCfg = Release|Any CPU
		{D4F45B59-4778-4C88-9593-DD1561D8DA4D}.Release|Any CPU.Build.0 = Release|Any CPU
		{01ADEACF-E052-4C7B-A959-BB101E73A63C}.Debug|Any CPU.ActiveCfg = Debug|Any CPU
		{01ADEACF-E052-4C7B-A959-BB101E73A63C}.Debug|Any CPU.Build.0 = Debug|Any CPU
		{01ADEACF-E052-4C7B-A959-BB101E73A63C}.Release|Any CPU.ActiveCfg = Release|Any CPU
		{01ADEACF-E052-4C7B-A959-BB101E73A63C}.Release|Any CPU.Build.0 = Release|Any CPU
		{1D8892D4-AC71-4CD6-8C4C-382F36D58EE9}.Debug|Any CPU.ActiveCfg = Debug|Any CPU
		{1D8892D4-AC71-4CD6-8C4C-382F36D58EE9}.Debug|Any CPU.Build.0 = Debug|Any CPU
		{1D8892D4-AC71-4CD6-8C4C-382F36D58EE9}.Release|Any CPU.ActiveCfg = Release|Any CPU
		{1D8892D4-AC71-4CD6-8C4C-382F36D58EE9}.Release|Any CPU.Build.0 = Release|Any CPU
		{635F607B-5B66-4947-B8FE-ABA62DE74C63}.Debug|Any CPU.ActiveCfg = Debug|Any CPU
		{635F607B-5B66-4947-B8FE-ABA62DE74C63}.Debug|Any CPU.Build.0 = Debug|Any CPU
		{635F607B-5B66-4947-B8FE-ABA62DE74C63}.Release|Any CPU.ActiveCfg = Release|Any CPU
		{635F607B-5B66-4947-B8FE-ABA62DE74C63}.Release|Any CPU.Build.0 = Release|Any CPU
		{5F2D7F02-A38C-4872-929B-5DB077A4416C}.Debug|Any CPU.ActiveCfg = Debug|Any CPU
		{5F2D7F02-A38C-4872-929B-5DB077A4416C}.Debug|Any CPU.Build.0 = Debug|Any CPU
		{5F2D7F02-A38C-4872-929B-5DB077A4416C}.Release|Any CPU.ActiveCfg = Release|Any CPU
		{5F2D7F02-A38C-4872-929B-5DB077A4416C}.Release|Any CPU.Build.0 = Release|Any CPU
		{BE4F748A-E2D2-43A2-AC71-32A3449C7849}.Debug|Any CPU.ActiveCfg = Debug|Any CPU
		{BE4F748A-E2D2-43A2-AC71-32A3449C7849}.Debug|Any CPU.Build.0 = Debug|Any CPU
		{BE4F748A-E2D2-43A2-AC71-32A3449C7849}.Release|Any CPU.ActiveCfg = Release|Any CPU
		{BE4F748A-E2D2-43A2-AC71-32A3449C7849}.Release|Any CPU.Build.0 = Release|Any CPU
		{33B7ABAE-648B-446F-9C92-B831EA431FA3}.Debug|Any CPU.ActiveCfg = Debug|Any CPU
		{33B7ABAE-648B-446F-9C92-B831EA431FA3}.Debug|Any CPU.Build.0 = Debug|Any CPU
		{33B7ABAE-648B-446F-9C92-B831EA431FA3}.Release|Any CPU.ActiveCfg = Release|Any CPU
		{33B7ABAE-648B-446F-9C92-B831EA431FA3}.Release|Any CPU.Build.0 = Release|Any CPU
		{08639C96-D3E3-4348-A5FE-CA8C49898794}.Debug|Any CPU.ActiveCfg = Debug|Any CPU
		{08639C96-D3E3-4348-A5FE-CA8C49898794}.Debug|Any CPU.Build.0 = Debug|Any CPU
		{08639C96-D3E3-4348-A5FE-CA8C49898794}.Release|Any CPU.ActiveCfg = Release|Any CPU
		{08639C96-D3E3-4348-A5FE-CA8C49898794}.Release|Any CPU.Build.0 = Release|Any CPU
		{6C540CD7-7D00-4CF4-8CDA-03B653DAF90F}.Debug|Any CPU.ActiveCfg = Debug|Any CPU
		{6C540CD7-7D00-4CF4-8CDA-03B653DAF90F}.Debug|Any CPU.Build.0 = Debug|Any CPU
		{6C540CD7-7D00-4CF4-8CDA-03B653DAF90F}.Release|Any CPU.ActiveCfg = Release|Any CPU
		{6C540CD7-7D00-4CF4-8CDA-03B653DAF90F}.Release|Any CPU.Build.0 = Release|Any CPU
		{599AE72E-04ED-4FBB-8287-5A18DC8BD426}.Debug|Any CPU.ActiveCfg = Debug|Any CPU
		{599AE72E-04ED-4FBB-8287-5A18DC8BD426}.Debug|Any CPU.Build.0 = Debug|Any CPU
		{599AE72E-04ED-4FBB-8287-5A18DC8BD426}.Release|Any CPU.ActiveCfg = Release|Any CPU
		{599AE72E-04ED-4FBB-8287-5A18DC8BD426}.Release|Any CPU.Build.0 = Release|Any CPU
		{A60AE5E5-6315-4A7B-BD12-D32BF4167551}.Debug|Any CPU.ActiveCfg = Debug|Any CPU
		{A60AE5E5-6315-4A7B-BD12-D32BF4167551}.Debug|Any CPU.Build.0 = Debug|Any CPU
		{A60AE5E5-6315-4A7B-BD12-D32BF4167551}.Release|Any CPU.ActiveCfg = Release|Any CPU
		{A60AE5E5-6315-4A7B-BD12-D32BF4167551}.Release|Any CPU.Build.0 = Release|Any CPU
		{83980339-1049-4B6E-BD02-CDFF54569140}.Debug|Any CPU.ActiveCfg = Debug|Any CPU
		{83980339-1049-4B6E-BD02-CDFF54569140}.Debug|Any CPU.Build.0 = Debug|Any CPU
		{83980339-1049-4B6E-BD02-CDFF54569140}.Release|Any CPU.ActiveCfg = Release|Any CPU
		{83980339-1049-4B6E-BD02-CDFF54569140}.Release|Any CPU.Build.0 = Release|Any CPU
		{E7F70367-E38D-45CE-909D-BE5A764A5310}.Debug|Any CPU.ActiveCfg = Debug|Any CPU
		{E7F70367-E38D-45CE-909D-BE5A764A5310}.Debug|Any CPU.Build.0 = Debug|Any CPU
		{E7F70367-E38D-45CE-909D-BE5A764A5310}.Release|Any CPU.ActiveCfg = Release|Any CPU
		{E7F70367-E38D-45CE-909D-BE5A764A5310}.Release|Any CPU.Build.0 = Release|Any CPU
		{73F7E88D-5468-4510-9CD8-25F03BA64FDE}.Debug|Any CPU.ActiveCfg = Debug|Any CPU
		{73F7E88D-5468-4510-9CD8-25F03BA64FDE}.Debug|Any CPU.Build.0 = Debug|Any CPU
		{73F7E88D-5468-4510-9CD8-25F03BA64FDE}.Release|Any CPU.ActiveCfg = Release|Any CPU
		{73F7E88D-5468-4510-9CD8-25F03BA64FDE}.Release|Any CPU.Build.0 = Release|Any CPU
		{A5BBE27F-A98C-4510-87B9-A09ED3E23FA7}.Debug|Any CPU.ActiveCfg = Debug|Any CPU
		{A5BBE27F-A98C-4510-87B9-A09ED3E23FA7}.Debug|Any CPU.Build.0 = Debug|Any CPU
		{A5BBE27F-A98C-4510-87B9-A09ED3E23FA7}.Release|Any CPU.ActiveCfg = Release|Any CPU
		{A5BBE27F-A98C-4510-87B9-A09ED3E23FA7}.Release|Any CPU.Build.0 = Release|Any CPU
		{DB66BED1-0746-451C-8B33-E7C984FE886C}.Debug|Any CPU.ActiveCfg = Debug|Any CPU
		{DB66BED1-0746-451C-8B33-E7C984FE886C}.Debug|Any CPU.Build.0 = Debug|Any CPU
		{DB66BED1-0746-451C-8B33-E7C984FE886C}.Release|Any CPU.ActiveCfg = Release|Any CPU
		{DB66BED1-0746-451C-8B33-E7C984FE886C}.Release|Any CPU.Build.0 = Release|Any CPU
		{3B0EC610-93DD-425B-B646-8B4ED58DD7C3}.Debug|Any CPU.ActiveCfg = Debug|Any CPU
		{3B0EC610-93DD-425B-B646-8B4ED58DD7C3}.Debug|Any CPU.Build.0 = Debug|Any CPU
		{3B0EC610-93DD-425B-B646-8B4ED58DD7C3}.Release|Any CPU.ActiveCfg = Release|Any CPU
		{3B0EC610-93DD-425B-B646-8B4ED58DD7C3}.Release|Any CPU.Build.0 = Release|Any CPU
		{DF1AD632-A53A-41E8-80B5-CF00C1347A7D}.Debug|Any CPU.ActiveCfg = Debug|Any CPU
		{DF1AD632-A53A-41E8-80B5-CF00C1347A7D}.Debug|Any CPU.Build.0 = Debug|Any CPU
		{DF1AD632-A53A-41E8-80B5-CF00C1347A7D}.Release|Any CPU.ActiveCfg = Release|Any CPU
		{DF1AD632-A53A-41E8-80B5-CF00C1347A7D}.Release|Any CPU.Build.0 = Release|Any CPU
		{CE4384E3-0C09-427D-B304-632D6FC472EB}.Debug|Any CPU.ActiveCfg = Debug|Any CPU
		{CE4384E3-0C09-427D-B304-632D6FC472EB}.Debug|Any CPU.Build.0 = Debug|Any CPU
		{CE4384E3-0C09-427D-B304-632D6FC472EB}.Release|Any CPU.ActiveCfg = Release|Any CPU
		{CE4384E3-0C09-427D-B304-632D6FC472EB}.Release|Any CPU.Build.0 = Release|Any CPU
		{F962FD0A-ABCB-4A7C-91E5-1F358B0C0C70}.Debug|Any CPU.ActiveCfg = Debug|Any CPU
		{F962FD0A-ABCB-4A7C-91E5-1F358B0C0C70}.Debug|Any CPU.Build.0 = Debug|Any CPU
		{F962FD0A-ABCB-4A7C-91E5-1F358B0C0C70}.Release|Any CPU.ActiveCfg = Release|Any CPU
		{F962FD0A-ABCB-4A7C-91E5-1F358B0C0C70}.Release|Any CPU.Build.0 = Release|Any CPU
		{92B43ADC-D23F-4CE2-8CC3-1C95F8FAA9ED}.Debug|Any CPU.ActiveCfg = Debug|Any CPU
		{92B43ADC-D23F-4CE2-8CC3-1C95F8FAA9ED}.Debug|Any CPU.Build.0 = Debug|Any CPU
		{92B43ADC-D23F-4CE2-8CC3-1C95F8FAA9ED}.Release|Any CPU.ActiveCfg = Release|Any CPU
		{92B43ADC-D23F-4CE2-8CC3-1C95F8FAA9ED}.Release|Any CPU.Build.0 = Release|Any CPU
		{C2C48B32-2A5E-43EC-8CA6-28D309962D92}.Debug|Any CPU.ActiveCfg = Debug|Any CPU
		{C2C48B32-2A5E-43EC-8CA6-28D309962D92}.Debug|Any CPU.Build.0 = Debug|Any CPU
		{C2C48B32-2A5E-43EC-8CA6-28D309962D92}.Release|Any CPU.ActiveCfg = Release|Any CPU
		{C2C48B32-2A5E-43EC-8CA6-28D309962D92}.Release|Any CPU.Build.0 = Release|Any CPU
		{8E1E5DBA-5B58-4D0D-A3CF-3C897023F634}.Debug|Any CPU.ActiveCfg = Debug|Any CPU
		{8E1E5DBA-5B58-4D0D-A3CF-3C897023F634}.Debug|Any CPU.Build.0 = Debug|Any CPU
		{8E1E5DBA-5B58-4D0D-A3CF-3C897023F634}.Release|Any CPU.ActiveCfg = Release|Any CPU
		{8E1E5DBA-5B58-4D0D-A3CF-3C897023F634}.Release|Any CPU.Build.0 = Release|Any CPU
		{FDC35694-ED15-4F25-A2A2-868C15E79375}.Debug|Any CPU.ActiveCfg = Debug|Any CPU
		{FDC35694-ED15-4F25-A2A2-868C15E79375}.Debug|Any CPU.Build.0 = Debug|Any CPU
		{FDC35694-ED15-4F25-A2A2-868C15E79375}.Release|Any CPU.ActiveCfg = Release|Any CPU
		{FDC35694-ED15-4F25-A2A2-868C15E79375}.Release|Any CPU.Build.0 = Release|Any CPU
		{CE014F75-E3D5-4E66-A500-1545CFFBB155}.Debug|Any CPU.ActiveCfg = Debug|Any CPU
		{CE014F75-E3D5-4E66-A500-1545CFFBB155}.Debug|Any CPU.Build.0 = Debug|Any CPU
		{CE014F75-E3D5-4E66-A500-1545CFFBB155}.Release|Any CPU.ActiveCfg = Release|Any CPU
		{CE014F75-E3D5-4E66-A500-1545CFFBB155}.Release|Any CPU.Build.0 = Release|Any CPU
		{1F12700F-D222-4268-8522-AE5C4F005D15}.Debug|Any CPU.ActiveCfg = Debug|Any CPU
		{1F12700F-D222-4268-8522-AE5C4F005D15}.Debug|Any CPU.Build.0 = Debug|Any CPU
		{1F12700F-D222-4268-8522-AE5C4F005D15}.Release|Any CPU.ActiveCfg = Release|Any CPU
		{1F12700F-D222-4268-8522-AE5C4F005D15}.Release|Any CPU.Build.0 = Release|Any CPU
		{2A5A4E94-F39C-4ECE-B255-2F6580EB9F85}.Debug|Any CPU.ActiveCfg = Debug|Any CPU
		{2A5A4E94-F39C-4ECE-B255-2F6580EB9F85}.Debug|Any CPU.Build.0 = Debug|Any CPU
		{2A5A4E94-F39C-4ECE-B255-2F6580EB9F85}.Release|Any CPU.ActiveCfg = Release|Any CPU
		{2A5A4E94-F39C-4ECE-B255-2F6580EB9F85}.Release|Any CPU.Build.0 = Release|Any CPU
		{5B7F0D69-8B4C-48C6-9FF4-BFC63FFFA256}.Debug|Any CPU.ActiveCfg = Debug|Any CPU
		{5B7F0D69-8B4C-48C6-9FF4-BFC63FFFA256}.Debug|Any CPU.Build.0 = Debug|Any CPU
		{5B7F0D69-8B4C-48C6-9FF4-BFC63FFFA256}.Release|Any CPU.ActiveCfg = Release|Any CPU
		{5B7F0D69-8B4C-48C6-9FF4-BFC63FFFA256}.Release|Any CPU.Build.0 = Release|Any CPU
		{6EDBA841-1CAC-4D3C-901E-F95954BA0A44}.Debug|Any CPU.ActiveCfg = Debug|Any CPU
		{6EDBA841-1CAC-4D3C-901E-F95954BA0A44}.Debug|Any CPU.Build.0 = Debug|Any CPU
		{6EDBA841-1CAC-4D3C-901E-F95954BA0A44}.Release|Any CPU.ActiveCfg = Release|Any CPU
		{6EDBA841-1CAC-4D3C-901E-F95954BA0A44}.Release|Any CPU.Build.0 = Release|Any CPU
		{52FDF9F1-AB77-4EBB-937D-6AC87C0ECDB8}.Debug|Any CPU.ActiveCfg = Debug|Any CPU
		{52FDF9F1-AB77-4EBB-937D-6AC87C0ECDB8}.Debug|Any CPU.Build.0 = Debug|Any CPU
		{52FDF9F1-AB77-4EBB-937D-6AC87C0ECDB8}.Release|Any CPU.ActiveCfg = Release|Any CPU
		{52FDF9F1-AB77-4EBB-937D-6AC87C0ECDB8}.Release|Any CPU.Build.0 = Release|Any CPU
		{49EEE93A-5E2B-4EAD-A9A2-D81571B0F1DD}.Debug|Any CPU.ActiveCfg = Debug|Any CPU
		{49EEE93A-5E2B-4EAD-A9A2-D81571B0F1DD}.Debug|Any CPU.Build.0 = Debug|Any CPU
		{49EEE93A-5E2B-4EAD-A9A2-D81571B0F1DD}.Release|Any CPU.ActiveCfg = Release|Any CPU
		{49EEE93A-5E2B-4EAD-A9A2-D81571B0F1DD}.Release|Any CPU.Build.0 = Release|Any CPU
		{D5246F92-83AE-48F2-808D-733ABFC3EE20}.Debug|Any CPU.ActiveCfg = Debug|Any CPU
		{D5246F92-83AE-48F2-808D-733ABFC3EE20}.Debug|Any CPU.Build.0 = Debug|Any CPU
		{D5246F92-83AE-48F2-808D-733ABFC3EE20}.Release|Any CPU.ActiveCfg = Release|Any CPU
		{D5246F92-83AE-48F2-808D-733ABFC3EE20}.Release|Any CPU.Build.0 = Release|Any CPU
		{1E7932E9-6D9B-4ACD-B15F-A5293CECF0F4}.Debug|Any CPU.ActiveCfg = Debug|Any CPU
		{1E7932E9-6D9B-4ACD-B15F-A5293CECF0F4}.Debug|Any CPU.Build.0 = Debug|Any CPU
		{1E7932E9-6D9B-4ACD-B15F-A5293CECF0F4}.Release|Any CPU.ActiveCfg = Release|Any CPU
		{1E7932E9-6D9B-4ACD-B15F-A5293CECF0F4}.Release|Any CPU.Build.0 = Release|Any CPU
		{3D3A1D07-7C3C-42E9-9C38-A61966BF552C}.Debug|Any CPU.ActiveCfg = Debug|Any CPU
		{3D3A1D07-7C3C-42E9-9C38-A61966BF552C}.Debug|Any CPU.Build.0 = Debug|Any CPU
		{3D3A1D07-7C3C-42E9-9C38-A61966BF552C}.Release|Any CPU.ActiveCfg = Release|Any CPU
		{3D3A1D07-7C3C-42E9-9C38-A61966BF552C}.Release|Any CPU.Build.0 = Release|Any CPU
		{75C6B16F-D666-4E38-9C36-E58B839818C1}.Debug|Any CPU.ActiveCfg = Debug|Any CPU
		{75C6B16F-D666-4E38-9C36-E58B839818C1}.Debug|Any CPU.Build.0 = Debug|Any CPU
		{75C6B16F-D666-4E38-9C36-E58B839818C1}.Release|Any CPU.ActiveCfg = Release|Any CPU
		{75C6B16F-D666-4E38-9C36-E58B839818C1}.Release|Any CPU.Build.0 = Release|Any CPU
		{E480E396-B0FE-4376-85B3-C2EC4044C28E}.Debug|Any CPU.ActiveCfg = Debug|Any CPU
		{E480E396-B0FE-4376-85B3-C2EC4044C28E}.Debug|Any CPU.Build.0 = Debug|Any CPU
		{E480E396-B0FE-4376-85B3-C2EC4044C28E}.Release|Any CPU.ActiveCfg = Release|Any CPU
		{E480E396-B0FE-4376-85B3-C2EC4044C28E}.Release|Any CPU.Build.0 = Release|Any CPU
		{00356EA2-0991-4D5D-9BB7-E69FA40F3DFA}.Debug|Any CPU.ActiveCfg = Debug|Any CPU
		{00356EA2-0991-4D5D-9BB7-E69FA40F3DFA}.Debug|Any CPU.Build.0 = Debug|Any CPU
		{00356EA2-0991-4D5D-9BB7-E69FA40F3DFA}.Release|Any CPU.ActiveCfg = Release|Any CPU
		{00356EA2-0991-4D5D-9BB7-E69FA40F3DFA}.Release|Any CPU.Build.0 = Release|Any CPU
		{6FCA9C79-EBA3-4A49-95C3-20015F69503D}.Debug|Any CPU.ActiveCfg = Debug|Any CPU
		{6FCA9C79-EBA3-4A49-95C3-20015F69503D}.Debug|Any CPU.Build.0 = Debug|Any CPU
		{6FCA9C79-EBA3-4A49-95C3-20015F69503D}.Release|Any CPU.ActiveCfg = Release|Any CPU
		{6FCA9C79-EBA3-4A49-95C3-20015F69503D}.Release|Any CPU.Build.0 = Release|Any CPU
		{C1DAF410-0929-4EA1-9FB1-832791D2CF3B}.Debug|Any CPU.ActiveCfg = Debug|Any CPU
		{C1DAF410-0929-4EA1-9FB1-832791D2CF3B}.Debug|Any CPU.Build.0 = Debug|Any CPU
		{C1DAF410-0929-4EA1-9FB1-832791D2CF3B}.Release|Any CPU.ActiveCfg = Release|Any CPU
		{C1DAF410-0929-4EA1-9FB1-832791D2CF3B}.Release|Any CPU.Build.0 = Release|Any CPU
		{E673DC1E-D3AB-4A8B-8692-52D3A238ED01}.Debug|Any CPU.ActiveCfg = Debug|Any CPU
		{E673DC1E-D3AB-4A8B-8692-52D3A238ED01}.Debug|Any CPU.Build.0 = Debug|Any CPU
		{E673DC1E-D3AB-4A8B-8692-52D3A238ED01}.Release|Any CPU.ActiveCfg = Release|Any CPU
		{E673DC1E-D3AB-4A8B-8692-52D3A238ED01}.Release|Any CPU.Build.0 = Release|Any CPU
		{35C3BA3A-646E-4D1C-BE88-C7FB4F842B74}.Debug|Any CPU.ActiveCfg = Debug|Any CPU
		{35C3BA3A-646E-4D1C-BE88-C7FB4F842B74}.Debug|Any CPU.Build.0 = Debug|Any CPU
		{35C3BA3A-646E-4D1C-BE88-C7FB4F842B74}.Release|Any CPU.ActiveCfg = Release|Any CPU
		{35C3BA3A-646E-4D1C-BE88-C7FB4F842B74}.Release|Any CPU.Build.0 = Release|Any CPU
		{E252CB63-E79F-4B4B-9FC4-79AF343E71AC}.Debug|Any CPU.ActiveCfg = Debug|Any CPU
		{E252CB63-E79F-4B4B-9FC4-79AF343E71AC}.Debug|Any CPU.Build.0 = Debug|Any CPU
		{E252CB63-E79F-4B4B-9FC4-79AF343E71AC}.Release|Any CPU.ActiveCfg = Release|Any CPU
		{E252CB63-E79F-4B4B-9FC4-79AF343E71AC}.Release|Any CPU.Build.0 = Release|Any CPU
		{613594FE-ABED-4020-A7E5-392CB27E4D42}.Debug|Any CPU.ActiveCfg = Debug|Any CPU
		{613594FE-ABED-4020-A7E5-392CB27E4D42}.Debug|Any CPU.Build.0 = Debug|Any CPU
		{613594FE-ABED-4020-A7E5-392CB27E4D42}.Release|Any CPU.ActiveCfg = Release|Any CPU
		{613594FE-ABED-4020-A7E5-392CB27E4D42}.Release|Any CPU.Build.0 = Release|Any CPU
		{EB7FCEAF-6CC5-4E10-A0C3-EEFC05AB71A3}.Debug|Any CPU.ActiveCfg = Debug|Any CPU
		{EB7FCEAF-6CC5-4E10-A0C3-EEFC05AB71A3}.Debug|Any CPU.Build.0 = Debug|Any CPU
		{EB7FCEAF-6CC5-4E10-A0C3-EEFC05AB71A3}.Release|Any CPU.ActiveCfg = Release|Any CPU
		{EB7FCEAF-6CC5-4E10-A0C3-EEFC05AB71A3}.Release|Any CPU.Build.0 = Release|Any CPU
		{02E9C308-5CB4-4AEC-9D11-9B3B8D72D0C4}.Debug|Any CPU.ActiveCfg = Debug|Any CPU
		{02E9C308-5CB4-4AEC-9D11-9B3B8D72D0C4}.Debug|Any CPU.Build.0 = Debug|Any CPU
		{02E9C308-5CB4-4AEC-9D11-9B3B8D72D0C4}.Release|Any CPU.ActiveCfg = Release|Any CPU
		{02E9C308-5CB4-4AEC-9D11-9B3B8D72D0C4}.Release|Any CPU.Build.0 = Release|Any CPU
		{4F49444B-EFF9-4EB5-B651-580DB2891736}.Debug|Any CPU.ActiveCfg = Debug|Any CPU
		{4F49444B-EFF9-4EB5-B651-580DB2891736}.Debug|Any CPU.Build.0 = Debug|Any CPU
		{4F49444B-EFF9-4EB5-B651-580DB2891736}.Release|Any CPU.ActiveCfg = Release|Any CPU
		{4F49444B-EFF9-4EB5-B651-580DB2891736}.Release|Any CPU.Build.0 = Release|Any CPU
		{9F63AB7F-244C-44E3-B54F-7744A5D0192D}.Debug|Any CPU.ActiveCfg = Debug|Any CPU
		{9F63AB7F-244C-44E3-B54F-7744A5D0192D}.Debug|Any CPU.Build.0 = Debug|Any CPU
		{9F63AB7F-244C-44E3-B54F-7744A5D0192D}.Release|Any CPU.ActiveCfg = Release|Any CPU
		{9F63AB7F-244C-44E3-B54F-7744A5D0192D}.Release|Any CPU.Build.0 = Release|Any CPU
		{E2B24CDC-12A9-4390-A712-2F1BAF4C05B6}.Debug|Any CPU.ActiveCfg = Debug|Any CPU
		{E2B24CDC-12A9-4390-A712-2F1BAF4C05B6}.Debug|Any CPU.Build.0 = Debug|Any CPU
		{E2B24CDC-12A9-4390-A712-2F1BAF4C05B6}.Release|Any CPU.ActiveCfg = Release|Any CPU
		{E2B24CDC-12A9-4390-A712-2F1BAF4C05B6}.Release|Any CPU.Build.0 = Release|Any CPU
		{AA9ABABA-2598-404B-8786-439327C2729D}.Debug|Any CPU.ActiveCfg = Debug|Any CPU
		{AA9ABABA-2598-404B-8786-439327C2729D}.Debug|Any CPU.Build.0 = Debug|Any CPU
		{AA9ABABA-2598-404B-8786-439327C2729D}.Release|Any CPU.ActiveCfg = Release|Any CPU
		{AA9ABABA-2598-404B-8786-439327C2729D}.Release|Any CPU.Build.0 = Release|Any CPU
		{C2B8607F-5F72-48B6-B751-D5B33FD5C6F9}.Debug|Any CPU.ActiveCfg = Debug|Any CPU
		{C2B8607F-5F72-48B6-B751-D5B33FD5C6F9}.Debug|Any CPU.Build.0 = Debug|Any CPU
		{C2B8607F-5F72-48B6-B751-D5B33FD5C6F9}.Release|Any CPU.ActiveCfg = Release|Any CPU
		{C2B8607F-5F72-48B6-B751-D5B33FD5C6F9}.Release|Any CPU.Build.0 = Release|Any CPU
		{B9F8E389-05E4-4C91-9137-A2D23AFCC3EA}.Debug|Any CPU.ActiveCfg = Debug|Any CPU
		{B9F8E389-05E4-4C91-9137-A2D23AFCC3EA}.Debug|Any CPU.Build.0 = Debug|Any CPU
		{B9F8E389-05E4-4C91-9137-A2D23AFCC3EA}.Release|Any CPU.ActiveCfg = Release|Any CPU
		{B9F8E389-05E4-4C91-9137-A2D23AFCC3EA}.Release|Any CPU.Build.0 = Release|Any CPU
		{1BD25B40-5FEA-4118-A962-3656EFC9CBB0}.Debug|Any CPU.ActiveCfg = Debug|Any CPU
		{1BD25B40-5FEA-4118-A962-3656EFC9CBB0}.Debug|Any CPU.Build.0 = Debug|Any CPU
		{1BD25B40-5FEA-4118-A962-3656EFC9CBB0}.Release|Any CPU.ActiveCfg = Release|Any CPU
		{1BD25B40-5FEA-4118-A962-3656EFC9CBB0}.Release|Any CPU.Build.0 = Release|Any CPU
		{20CC87B2-61D6-4A68-B714-EC549744F636}.Debug|Any CPU.ActiveCfg = Debug|Any CPU
		{20CC87B2-61D6-4A68-B714-EC549744F636}.Debug|Any CPU.Build.0 = Debug|Any CPU
		{20CC87B2-61D6-4A68-B714-EC549744F636}.Release|Any CPU.ActiveCfg = Release|Any CPU
		{20CC87B2-61D6-4A68-B714-EC549744F636}.Release|Any CPU.Build.0 = Release|Any CPU
		{4E0A4BB2-4D92-44C9-A45B-A6F589BD878F}.Debug|Any CPU.ActiveCfg = Debug|Any CPU
		{4E0A4BB2-4D92-44C9-A45B-A6F589BD878F}.Debug|Any CPU.Build.0 = Debug|Any CPU
		{4E0A4BB2-4D92-44C9-A45B-A6F589BD878F}.Release|Any CPU.ActiveCfg = Release|Any CPU
		{4E0A4BB2-4D92-44C9-A45B-A6F589BD878F}.Release|Any CPU.Build.0 = Release|Any CPU
		{DE8A752A-AF3E-45C6-A649-EC5DADF24067}.Debug|Any CPU.ActiveCfg = Debug|Any CPU
		{DE8A752A-AF3E-45C6-A649-EC5DADF24067}.Debug|Any CPU.Build.0 = Debug|Any CPU
		{DE8A752A-AF3E-45C6-A649-EC5DADF24067}.Release|Any CPU.ActiveCfg = Release|Any CPU
		{DE8A752A-AF3E-45C6-A649-EC5DADF24067}.Release|Any CPU.Build.0 = Release|Any CPU
		{539C3623-1F58-41BF-A1D4-7F1267BD2A15}.Debug|Any CPU.ActiveCfg = Debug|Any CPU
		{539C3623-1F58-41BF-A1D4-7F1267BD2A15}.Debug|Any CPU.Build.0 = Debug|Any CPU
		{539C3623-1F58-41BF-A1D4-7F1267BD2A15}.Release|Any CPU.ActiveCfg = Release|Any CPU
		{539C3623-1F58-41BF-A1D4-7F1267BD2A15}.Release|Any CPU.Build.0 = Release|Any CPU
		{D5D7D4DA-0CE2-4408-9E6B-B799A88BFC14}.Debug|Any CPU.ActiveCfg = Debug|Any CPU
		{D5D7D4DA-0CE2-4408-9E6B-B799A88BFC14}.Debug|Any CPU.Build.0 = Debug|Any CPU
		{D5D7D4DA-0CE2-4408-9E6B-B799A88BFC14}.Release|Any CPU.ActiveCfg = Release|Any CPU
		{D5D7D4DA-0CE2-4408-9E6B-B799A88BFC14}.Release|Any CPU.Build.0 = Release|Any CPU
		{6919D560-62C0-451C-8B83-036C3E509F25}.Debug|Any CPU.ActiveCfg = Debug|Any CPU
		{6919D560-62C0-451C-8B83-036C3E509F25}.Debug|Any CPU.Build.0 = Debug|Any CPU
		{6919D560-62C0-451C-8B83-036C3E509F25}.Release|Any CPU.ActiveCfg = Release|Any CPU
		{6919D560-62C0-451C-8B83-036C3E509F25}.Release|Any CPU.Build.0 = Release|Any CPU
		{0D548255-6157-4C79-A641-81FA2FB6BB42}.Debug|Any CPU.ActiveCfg = Debug|Any CPU
		{0D548255-6157-4C79-A641-81FA2FB6BB42}.Debug|Any CPU.Build.0 = Debug|Any CPU
		{0D548255-6157-4C79-A641-81FA2FB6BB42}.Release|Any CPU.ActiveCfg = Release|Any CPU
		{0D548255-6157-4C79-A641-81FA2FB6BB42}.Release|Any CPU.Build.0 = Release|Any CPU
		{8AED2BBB-7BEC-4DDA-90BB-DA4B603771E9}.Debug|Any CPU.ActiveCfg = Debug|Any CPU
		{8AED2BBB-7BEC-4DDA-90BB-DA4B603771E9}.Debug|Any CPU.Build.0 = Debug|Any CPU
		{8AED2BBB-7BEC-4DDA-90BB-DA4B603771E9}.Release|Any CPU.ActiveCfg = Release|Any CPU
		{8AED2BBB-7BEC-4DDA-90BB-DA4B603771E9}.Release|Any CPU.Build.0 = Release|Any CPU
		{E53613A5-4EA4-4636-ADCD-3CD8039BEC31}.Debug|Any CPU.ActiveCfg = Debug|Any CPU
		{E53613A5-4EA4-4636-ADCD-3CD8039BEC31}.Debug|Any CPU.Build.0 = Debug|Any CPU
		{E53613A5-4EA4-4636-ADCD-3CD8039BEC31}.Release|Any CPU.ActiveCfg = Release|Any CPU
		{E53613A5-4EA4-4636-ADCD-3CD8039BEC31}.Release|Any CPU.Build.0 = Release|Any CPU
		{EE584A86-5BCF-4CF8-B325-1016107C2572}.Debug|Any CPU.ActiveCfg = Debug|Any CPU
		{EE584A86-5BCF-4CF8-B325-1016107C2572}.Debug|Any CPU.Build.0 = Debug|Any CPU
		{EE584A86-5BCF-4CF8-B325-1016107C2572}.Release|Any CPU.ActiveCfg = Release|Any CPU
		{EE584A86-5BCF-4CF8-B325-1016107C2572}.Release|Any CPU.Build.0 = Release|Any CPU
		{B26BE8BD-48DE-4FC2-9770-9729F841CF8C}.Debug|Any CPU.ActiveCfg = Debug|Any CPU
		{B26BE8BD-48DE-4FC2-9770-9729F841CF8C}.Debug|Any CPU.Build.0 = Debug|Any CPU
		{B26BE8BD-48DE-4FC2-9770-9729F841CF8C}.Release|Any CPU.ActiveCfg = Release|Any CPU
		{B26BE8BD-48DE-4FC2-9770-9729F841CF8C}.Release|Any CPU.Build.0 = Release|Any CPU
		{25E0CA60-90CF-4B60-AA43-9FAD99B37BED}.Debug|Any CPU.ActiveCfg = Debug|Any CPU
		{25E0CA60-90CF-4B60-AA43-9FAD99B37BED}.Debug|Any CPU.Build.0 = Debug|Any CPU
		{25E0CA60-90CF-4B60-AA43-9FAD99B37BED}.Release|Any CPU.ActiveCfg = Release|Any CPU
		{25E0CA60-90CF-4B60-AA43-9FAD99B37BED}.Release|Any CPU.Build.0 = Release|Any CPU
		{43A3A07B-94F0-451C-8CCF-63FCF20A6991}.Debug|Any CPU.ActiveCfg = Debug|Any CPU
		{43A3A07B-94F0-451C-8CCF-63FCF20A6991}.Debug|Any CPU.Build.0 = Debug|Any CPU
		{43A3A07B-94F0-451C-8CCF-63FCF20A6991}.Release|Any CPU.ActiveCfg = Release|Any CPU
		{43A3A07B-94F0-451C-8CCF-63FCF20A6991}.Release|Any CPU.Build.0 = Release|Any CPU
		{B782E962-A558-454D-BA60-CB1E91F8AB9A}.Debug|Any CPU.ActiveCfg = Debug|Any CPU
		{B782E962-A558-454D-BA60-CB1E91F8AB9A}.Debug|Any CPU.Build.0 = Debug|Any CPU
		{B782E962-A558-454D-BA60-CB1E91F8AB9A}.Release|Any CPU.ActiveCfg = Release|Any CPU
		{B782E962-A558-454D-BA60-CB1E91F8AB9A}.Release|Any CPU.Build.0 = Release|Any CPU
		{9065B2FB-6218-47A7-AE7E-F4AC78E490FD}.Debug|Any CPU.ActiveCfg = Debug|Any CPU
		{9065B2FB-6218-47A7-AE7E-F4AC78E490FD}.Debug|Any CPU.Build.0 = Debug|Any CPU
		{9065B2FB-6218-47A7-AE7E-F4AC78E490FD}.Release|Any CPU.ActiveCfg = Release|Any CPU
		{9065B2FB-6218-47A7-AE7E-F4AC78E490FD}.Release|Any CPU.Build.0 = Release|Any CPU
		{B7CFF2DA-3507-4EF1-A59C-1DC35F304C99}.Debug|Any CPU.ActiveCfg = Debug|Any CPU
		{B7CFF2DA-3507-4EF1-A59C-1DC35F304C99}.Debug|Any CPU.Build.0 = Debug|Any CPU
		{B7CFF2DA-3507-4EF1-A59C-1DC35F304C99}.Release|Any CPU.ActiveCfg = Release|Any CPU
		{B7CFF2DA-3507-4EF1-A59C-1DC35F304C99}.Release|Any CPU.Build.0 = Release|Any CPU
		{F364A68A-FDBA-464B-8822-D35ADA0F395D}.Debug|Any CPU.ActiveCfg = Debug|Any CPU
		{F364A68A-FDBA-464B-8822-D35ADA0F395D}.Debug|Any CPU.Build.0 = Debug|Any CPU
		{F364A68A-FDBA-464B-8822-D35ADA0F395D}.Release|Any CPU.ActiveCfg = Release|Any CPU
		{F364A68A-FDBA-464B-8822-D35ADA0F395D}.Release|Any CPU.Build.0 = Release|Any CPU
		{24EA0CBA-CAE3-499A-969B-0F3DF29A3803}.Debug|Any CPU.ActiveCfg = Debug|Any CPU
		{24EA0CBA-CAE3-499A-969B-0F3DF29A3803}.Debug|Any CPU.Build.0 = Debug|Any CPU
		{24EA0CBA-CAE3-499A-969B-0F3DF29A3803}.Release|Any CPU.ActiveCfg = Release|Any CPU
		{24EA0CBA-CAE3-499A-969B-0F3DF29A3803}.Release|Any CPU.Build.0 = Release|Any CPU
		{110ECEEE-12B6-4439-9B47-3B2BD641FE5B}.Debug|Any CPU.ActiveCfg = Debug|Any CPU
		{110ECEEE-12B6-4439-9B47-3B2BD641FE5B}.Debug|Any CPU.Build.0 = Debug|Any CPU
		{110ECEEE-12B6-4439-9B47-3B2BD641FE5B}.Release|Any CPU.ActiveCfg = Release|Any CPU
		{110ECEEE-12B6-4439-9B47-3B2BD641FE5B}.Release|Any CPU.Build.0 = Release|Any CPU
		{1D074E5F-D4BA-4129-8FF0-60ABDA42D56E}.Debug|Any CPU.ActiveCfg = Debug|Any CPU
		{1D074E5F-D4BA-4129-8FF0-60ABDA42D56E}.Debug|Any CPU.Build.0 = Debug|Any CPU
		{1D074E5F-D4BA-4129-8FF0-60ABDA42D56E}.Release|Any CPU.ActiveCfg = Release|Any CPU
		{1D074E5F-D4BA-4129-8FF0-60ABDA42D56E}.Release|Any CPU.Build.0 = Release|Any CPU
		{7E7B24EC-B2C3-4FAD-BC63-5037988DD8CF}.Debug|Any CPU.ActiveCfg = Debug|Any CPU
		{7E7B24EC-B2C3-4FAD-BC63-5037988DD8CF}.Debug|Any CPU.Build.0 = Debug|Any CPU
		{7E7B24EC-B2C3-4FAD-BC63-5037988DD8CF}.Release|Any CPU.ActiveCfg = Release|Any CPU
		{7E7B24EC-B2C3-4FAD-BC63-5037988DD8CF}.Release|Any CPU.Build.0 = Release|Any CPU
		{1E700B47-7A05-470F-925C-6165BCBC0094}.Debug|Any CPU.ActiveCfg = Debug|Any CPU
		{1E700B47-7A05-470F-925C-6165BCBC0094}.Debug|Any CPU.Build.0 = Debug|Any CPU
		{1E700B47-7A05-470F-925C-6165BCBC0094}.Release|Any CPU.ActiveCfg = Release|Any CPU
		{1E700B47-7A05-470F-925C-6165BCBC0094}.Release|Any CPU.Build.0 = Release|Any CPU
		{26D513C1-86F0-4A48-BC5D-EB3CC3F8A13C}.Debug|Any CPU.ActiveCfg = Debug|Any CPU
		{26D513C1-86F0-4A48-BC5D-EB3CC3F8A13C}.Debug|Any CPU.Build.0 = Debug|Any CPU
		{26D513C1-86F0-4A48-BC5D-EB3CC3F8A13C}.Release|Any CPU.ActiveCfg = Release|Any CPU
		{26D513C1-86F0-4A48-BC5D-EB3CC3F8A13C}.Release|Any CPU.Build.0 = Release|Any CPU
		{60A7385F-5335-4D66-A030-2D5531479B35}.Debug|Any CPU.ActiveCfg = Debug|Any CPU
		{60A7385F-5335-4D66-A030-2D5531479B35}.Debug|Any CPU.Build.0 = Debug|Any CPU
		{60A7385F-5335-4D66-A030-2D5531479B35}.Release|Any CPU.ActiveCfg = Release|Any CPU
		{60A7385F-5335-4D66-A030-2D5531479B35}.Release|Any CPU.Build.0 = Release|Any CPU
		{422077D7-DF9C-45AE-B45A-98D0EBB51F80}.Debug|Any CPU.ActiveCfg = Debug|Any CPU
		{422077D7-DF9C-45AE-B45A-98D0EBB51F80}.Debug|Any CPU.Build.0 = Debug|Any CPU
		{422077D7-DF9C-45AE-B45A-98D0EBB51F80}.Release|Any CPU.ActiveCfg = Release|Any CPU
		{422077D7-DF9C-45AE-B45A-98D0EBB51F80}.Release|Any CPU.Build.0 = Release|Any CPU
		{F05963DF-0526-4576-9AE4-2059CD04DD61}.Debug|Any CPU.ActiveCfg = Debug|Any CPU
		{F05963DF-0526-4576-9AE4-2059CD04DD61}.Debug|Any CPU.Build.0 = Debug|Any CPU
		{F05963DF-0526-4576-9AE4-2059CD04DD61}.Release|Any CPU.ActiveCfg = Release|Any CPU
		{F05963DF-0526-4576-9AE4-2059CD04DD61}.Release|Any CPU.Build.0 = Release|Any CPU
		{8070E12E-9FB3-4B20-A185-C10C51A8BCD5}.Debug|Any CPU.ActiveCfg = Debug|Any CPU
		{8070E12E-9FB3-4B20-A185-C10C51A8BCD5}.Debug|Any CPU.Build.0 = Debug|Any CPU
		{8070E12E-9FB3-4B20-A185-C10C51A8BCD5}.Release|Any CPU.ActiveCfg = Release|Any CPU
		{8070E12E-9FB3-4B20-A185-C10C51A8BCD5}.Release|Any CPU.Build.0 = Release|Any CPU
		{8FFC7C37-9D9F-4F75-854C-F70B1FE1264A}.Debug|Any CPU.ActiveCfg = Debug|Any CPU
		{8FFC7C37-9D9F-4F75-854C-F70B1FE1264A}.Debug|Any CPU.Build.0 = Debug|Any CPU
		{8FFC7C37-9D9F-4F75-854C-F70B1FE1264A}.Release|Any CPU.ActiveCfg = Release|Any CPU
		{8FFC7C37-9D9F-4F75-854C-F70B1FE1264A}.Release|Any CPU.Build.0 = Release|Any CPU
		{480A9C37-4B68-4233-90CC-60CFC8FD5437}.Debug|Any CPU.ActiveCfg = Debug|Any CPU
		{480A9C37-4B68-4233-90CC-60CFC8FD5437}.Debug|Any CPU.Build.0 = Debug|Any CPU
		{480A9C37-4B68-4233-90CC-60CFC8FD5437}.Release|Any CPU.ActiveCfg = Release|Any CPU
		{480A9C37-4B68-4233-90CC-60CFC8FD5437}.Release|Any CPU.Build.0 = Release|Any CPU
		{007AD467-B793-4720-A80B-E4F3B9B177F8}.Debug|Any CPU.ActiveCfg = Debug|Any CPU
		{007AD467-B793-4720-A80B-E4F3B9B177F8}.Debug|Any CPU.Build.0 = Debug|Any CPU
		{007AD467-B793-4720-A80B-E4F3B9B177F8}.Release|Any CPU.ActiveCfg = Release|Any CPU
		{007AD467-B793-4720-A80B-E4F3B9B177F8}.Release|Any CPU.Build.0 = Release|Any CPU
		{B0C0C13C-BD9D-48F9-9B18-36948134BDBD}.Debug|Any CPU.ActiveCfg = Debug|Any CPU
		{B0C0C13C-BD9D-48F9-9B18-36948134BDBD}.Debug|Any CPU.Build.0 = Debug|Any CPU
		{B0C0C13C-BD9D-48F9-9B18-36948134BDBD}.Release|Any CPU.ActiveCfg = Release|Any CPU
		{B0C0C13C-BD9D-48F9-9B18-36948134BDBD}.Release|Any CPU.Build.0 = Release|Any CPU
		{F37950FB-A79E-4501-A982-1EFE3AF2CC94}.Debug|Any CPU.ActiveCfg = Debug|Any CPU
		{F37950FB-A79E-4501-A982-1EFE3AF2CC94}.Debug|Any CPU.Build.0 = Debug|Any CPU
		{F37950FB-A79E-4501-A982-1EFE3AF2CC94}.Release|Any CPU.ActiveCfg = Release|Any CPU
		{F37950FB-A79E-4501-A982-1EFE3AF2CC94}.Release|Any CPU.Build.0 = Release|Any CPU
		{A59E5FDB-6573-448F-9F66-C423D8FAA7B3}.Debug|Any CPU.ActiveCfg = Debug|Any CPU
		{A59E5FDB-6573-448F-9F66-C423D8FAA7B3}.Debug|Any CPU.Build.0 = Debug|Any CPU
		{A59E5FDB-6573-448F-9F66-C423D8FAA7B3}.Release|Any CPU.ActiveCfg = Release|Any CPU
		{A59E5FDB-6573-448F-9F66-C423D8FAA7B3}.Release|Any CPU.Build.0 = Release|Any CPU
		{8B700F3F-E0DA-4972-B52B-6275AF0FBC8D}.Debug|Any CPU.ActiveCfg = Debug|Any CPU
		{8B700F3F-E0DA-4972-B52B-6275AF0FBC8D}.Debug|Any CPU.Build.0 = Debug|Any CPU
		{8B700F3F-E0DA-4972-B52B-6275AF0FBC8D}.Release|Any CPU.ActiveCfg = Release|Any CPU
		{8B700F3F-E0DA-4972-B52B-6275AF0FBC8D}.Release|Any CPU.Build.0 = Release|Any CPU
		{78E09222-25F4-4BB8-8F80-064FF3060CF3}.Debug|Any CPU.ActiveCfg = Debug|Any CPU
		{78E09222-25F4-4BB8-8F80-064FF3060CF3}.Debug|Any CPU.Build.0 = Debug|Any CPU
		{78E09222-25F4-4BB8-8F80-064FF3060CF3}.Release|Any CPU.ActiveCfg = Release|Any CPU
		{78E09222-25F4-4BB8-8F80-064FF3060CF3}.Release|Any CPU.Build.0 = Release|Any CPU
		{030254F1-33C6-47F3-B250-AC737D103FCD}.Debug|Any CPU.ActiveCfg = Debug|Any CPU
		{030254F1-33C6-47F3-B250-AC737D103FCD}.Debug|Any CPU.Build.0 = Debug|Any CPU
		{030254F1-33C6-47F3-B250-AC737D103FCD}.Release|Any CPU.ActiveCfg = Release|Any CPU
		{030254F1-33C6-47F3-B250-AC737D103FCD}.Release|Any CPU.Build.0 = Release|Any CPU
		{48338E9C-495A-44A0-9A4E-7B82995DD662}.Debug|Any CPU.ActiveCfg = Debug|Any CPU
		{48338E9C-495A-44A0-9A4E-7B82995DD662}.Debug|Any CPU.Build.0 = Debug|Any CPU
		{48338E9C-495A-44A0-9A4E-7B82995DD662}.Release|Any CPU.ActiveCfg = Release|Any CPU
		{48338E9C-495A-44A0-9A4E-7B82995DD662}.Release|Any CPU.Build.0 = Release|Any CPU
		{36C00897-BFBE-450E-8763-BDFE13635F01}.Debug|Any CPU.ActiveCfg = Debug|Any CPU
		{36C00897-BFBE-450E-8763-BDFE13635F01}.Debug|Any CPU.Build.0 = Debug|Any CPU
		{36C00897-BFBE-450E-8763-BDFE13635F01}.Release|Any CPU.ActiveCfg = Release|Any CPU
		{36C00897-BFBE-450E-8763-BDFE13635F01}.Release|Any CPU.Build.0 = Release|Any CPU
		{D8665959-A6A4-47C9-AD32-5D608A5B33FF}.Debug|Any CPU.ActiveCfg = Debug|Any CPU
		{D8665959-A6A4-47C9-AD32-5D608A5B33FF}.Debug|Any CPU.Build.0 = Debug|Any CPU
		{D8665959-A6A4-47C9-AD32-5D608A5B33FF}.Release|Any CPU.ActiveCfg = Release|Any CPU
		{D8665959-A6A4-47C9-AD32-5D608A5B33FF}.Release|Any CPU.Build.0 = Release|Any CPU
		{ED363FFD-068C-469D-B24C-55FE4A253C2B}.Debug|Any CPU.ActiveCfg = Debug|Any CPU
		{ED363FFD-068C-469D-B24C-55FE4A253C2B}.Debug|Any CPU.Build.0 = Debug|Any CPU
		{ED363FFD-068C-469D-B24C-55FE4A253C2B}.Release|Any CPU.ActiveCfg = Release|Any CPU
		{ED363FFD-068C-469D-B24C-55FE4A253C2B}.Release|Any CPU.Build.0 = Release|Any CPU
		{19FAC105-B769-4E52-A0B9-599B54E35746}.Debug|Any CPU.ActiveCfg = Debug|Any CPU
		{19FAC105-B769-4E52-A0B9-599B54E35746}.Debug|Any CPU.Build.0 = Debug|Any CPU
		{19FAC105-B769-4E52-A0B9-599B54E35746}.Release|Any CPU.ActiveCfg = Release|Any CPU
		{19FAC105-B769-4E52-A0B9-599B54E35746}.Release|Any CPU.Build.0 = Release|Any CPU
		{5489E806-22B7-4BA9-A3BA-F922C1A8A7D1}.Debug|Any CPU.ActiveCfg = Debug|Any CPU
		{5489E806-22B7-4BA9-A3BA-F922C1A8A7D1}.Debug|Any CPU.Build.0 = Debug|Any CPU
		{5489E806-22B7-4BA9-A3BA-F922C1A8A7D1}.Release|Any CPU.ActiveCfg = Release|Any CPU
		{5489E806-22B7-4BA9-A3BA-F922C1A8A7D1}.Release|Any CPU.Build.0 = Release|Any CPU
		{8767BD38-8C67-4731-897A-4C04F006803E}.Debug|Any CPU.ActiveCfg = Debug|Any CPU
		{8767BD38-8C67-4731-897A-4C04F006803E}.Debug|Any CPU.Build.0 = Debug|Any CPU
		{8767BD38-8C67-4731-897A-4C04F006803E}.Release|Any CPU.ActiveCfg = Release|Any CPU
		{8767BD38-8C67-4731-897A-4C04F006803E}.Release|Any CPU.Build.0 = Release|Any CPU
		{2E3E42FE-20BD-4671-B709-8B48CDAEB4A1}.Debug|Any CPU.ActiveCfg = Debug|Any CPU
		{2E3E42FE-20BD-4671-B709-8B48CDAEB4A1}.Debug|Any CPU.Build.0 = Debug|Any CPU
		{2E3E42FE-20BD-4671-B709-8B48CDAEB4A1}.Release|Any CPU.ActiveCfg = Release|Any CPU
		{2E3E42FE-20BD-4671-B709-8B48CDAEB4A1}.Release|Any CPU.Build.0 = Release|Any CPU
		{2A1B71D9-079A-4336-BDD5-15871284260E}.Debug|Any CPU.ActiveCfg = Debug|Any CPU
		{2A1B71D9-079A-4336-BDD5-15871284260E}.Debug|Any CPU.Build.0 = Debug|Any CPU
		{2A1B71D9-079A-4336-BDD5-15871284260E}.Release|Any CPU.ActiveCfg = Release|Any CPU
		{2A1B71D9-079A-4336-BDD5-15871284260E}.Release|Any CPU.Build.0 = Release|Any CPU
		{E66A5551-4C9A-4792-816D-E840B31E6533}.Debug|Any CPU.ActiveCfg = Debug|Any CPU
		{E66A5551-4C9A-4792-816D-E840B31E6533}.Debug|Any CPU.Build.0 = Debug|Any CPU
		{E66A5551-4C9A-4792-816D-E840B31E6533}.Release|Any CPU.ActiveCfg = Release|Any CPU
		{E66A5551-4C9A-4792-816D-E840B31E6533}.Release|Any CPU.Build.0 = Release|Any CPU
		{2BAA9638-0E03-4C34-9BF1-4C836727FCA8}.Debug|Any CPU.ActiveCfg = Debug|Any CPU
		{2BAA9638-0E03-4C34-9BF1-4C836727FCA8}.Debug|Any CPU.Build.0 = Debug|Any CPU
		{2BAA9638-0E03-4C34-9BF1-4C836727FCA8}.Release|Any CPU.ActiveCfg = Release|Any CPU
		{2BAA9638-0E03-4C34-9BF1-4C836727FCA8}.Release|Any CPU.Build.0 = Release|Any CPU
		{84C0B9F8-47B2-4C36-8758-349BC63A22DD}.Debug|Any CPU.ActiveCfg = Debug|Any CPU
		{84C0B9F8-47B2-4C36-8758-349BC63A22DD}.Debug|Any CPU.Build.0 = Debug|Any CPU
		{84C0B9F8-47B2-4C36-8758-349BC63A22DD}.Release|Any CPU.ActiveCfg = Release|Any CPU
		{84C0B9F8-47B2-4C36-8758-349BC63A22DD}.Release|Any CPU.Build.0 = Release|Any CPU
		{0A6D5246-EE9C-47D7-A287-1136AFE6895D}.Debug|Any CPU.ActiveCfg = Debug|Any CPU
		{0A6D5246-EE9C-47D7-A287-1136AFE6895D}.Debug|Any CPU.Build.0 = Debug|Any CPU
		{0A6D5246-EE9C-47D7-A287-1136AFE6895D}.Release|Any CPU.ActiveCfg = Release|Any CPU
		{0A6D5246-EE9C-47D7-A287-1136AFE6895D}.Release|Any CPU.Build.0 = Release|Any CPU
		{B4FEFAFC-7C3E-4E79-A956-37D2351280DE}.Debug|Any CPU.ActiveCfg = Debug|Any CPU
		{B4FEFAFC-7C3E-4E79-A956-37D2351280DE}.Debug|Any CPU.Build.0 = Debug|Any CPU
		{B4FEFAFC-7C3E-4E79-A956-37D2351280DE}.Release|Any CPU.ActiveCfg = Release|Any CPU
		{B4FEFAFC-7C3E-4E79-A956-37D2351280DE}.Release|Any CPU.Build.0 = Release|Any CPU
		{D4C450DC-585B-450C-A62A-91E713127B87}.Debug|Any CPU.ActiveCfg = Debug|Any CPU
		{D4C450DC-585B-450C-A62A-91E713127B87}.Debug|Any CPU.Build.0 = Debug|Any CPU
		{D4C450DC-585B-450C-A62A-91E713127B87}.Release|Any CPU.ActiveCfg = Release|Any CPU
		{D4C450DC-585B-450C-A62A-91E713127B87}.Release|Any CPU.Build.0 = Release|Any CPU
		{606A8AE3-72FF-4E38-B607-8453CD3F6747}.Debug|Any CPU.ActiveCfg = Debug|Any CPU
		{606A8AE3-72FF-4E38-B607-8453CD3F6747}.Debug|Any CPU.Build.0 = Debug|Any CPU
		{606A8AE3-72FF-4E38-B607-8453CD3F6747}.Release|Any CPU.ActiveCfg = Release|Any CPU
		{606A8AE3-72FF-4E38-B607-8453CD3F6747}.Release|Any CPU.Build.0 = Release|Any CPU
		{DD36B1D3-7F83-4BDC-84D0-1971248E7853}.Debug|Any CPU.ActiveCfg = Debug|Any CPU
		{DD36B1D3-7F83-4BDC-84D0-1971248E7853}.Debug|Any CPU.Build.0 = Debug|Any CPU
		{DD36B1D3-7F83-4BDC-84D0-1971248E7853}.Release|Any CPU.ActiveCfg = Release|Any CPU
		{DD36B1D3-7F83-4BDC-84D0-1971248E7853}.Release|Any CPU.Build.0 = Release|Any CPU
		{F4CF5D9B-4063-483C-BF54-4D9EBABC2479}.Debug|Any CPU.ActiveCfg = Debug|Any CPU
		{F4CF5D9B-4063-483C-BF54-4D9EBABC2479}.Debug|Any CPU.Build.0 = Debug|Any CPU
		{F4CF5D9B-4063-483C-BF54-4D9EBABC2479}.Release|Any CPU.ActiveCfg = Release|Any CPU
		{F4CF5D9B-4063-483C-BF54-4D9EBABC2479}.Release|Any CPU.Build.0 = Release|Any CPU
		{984AFFC3-6C3E-4544-925D-82D7BF144352}.Debug|Any CPU.ActiveCfg = Debug|Any CPU
		{984AFFC3-6C3E-4544-925D-82D7BF144352}.Debug|Any CPU.Build.0 = Debug|Any CPU
		{984AFFC3-6C3E-4544-925D-82D7BF144352}.Release|Any CPU.ActiveCfg = Release|Any CPU
		{984AFFC3-6C3E-4544-925D-82D7BF144352}.Release|Any CPU.Build.0 = Release|Any CPU
		{B0D0A49D-149B-4777-8570-CC43AF28EBAD}.Debug|Any CPU.ActiveCfg = Debug|Any CPU
		{B0D0A49D-149B-4777-8570-CC43AF28EBAD}.Debug|Any CPU.Build.0 = Debug|Any CPU
		{B0D0A49D-149B-4777-8570-CC43AF28EBAD}.Release|Any CPU.ActiveCfg = Release|Any CPU
		{B0D0A49D-149B-4777-8570-CC43AF28EBAD}.Release|Any CPU.Build.0 = Release|Any CPU
		{04912079-6D86-4BBB-8B69-02BBAB4B5C89}.Debug|Any CPU.ActiveCfg = Debug|Any CPU
		{04912079-6D86-4BBB-8B69-02BBAB4B5C89}.Debug|Any CPU.Build.0 = Debug|Any CPU
		{04912079-6D86-4BBB-8B69-02BBAB4B5C89}.Release|Any CPU.ActiveCfg = Release|Any CPU
		{04912079-6D86-4BBB-8B69-02BBAB4B5C89}.Release|Any CPU.Build.0 = Release|Any CPU
	EndGlobalSection
	GlobalSection(SolutionProperties) = preSolution
		HideSolutionNode = FALSE
	EndGlobalSection
	GlobalSection(ExtensibilityGlobals) = postSolution
		SolutionGuid = {09E49065-9FE5-4B7B-9E7C-F87D841E612B}
	EndGlobalSection
EndGlobal
